// !$*UTF8*$!
{
	archiveVersion = 1;
	classes = {
	};
	objectVersion = 52;
	objects = {

/* Begin PBXBuildFile section */
		9508C23C23EFDF1A0050017F /* AppDelegate.swift in Sources */ = {isa = PBXBuildFile; fileRef = 9508C23B23EFDF1A0050017F /* AppDelegate.swift */; };
		9508C23E23EFDF1B0050017F /* SceneDelegate.swift in Sources */ = {isa = PBXBuildFile; fileRef = 9508C23D23EFDF1B0050017F /* SceneDelegate.swift */; };
		9508C24023EFDF1B0050017F /* ViewController.swift in Sources */ = {isa = PBXBuildFile; fileRef = 9508C23F23EFDF1B0050017F /* ViewController.swift */; };
		9508C24323EFDF1B0050017F /* Main.storyboard in Resources */ = {isa = PBXBuildFile; fileRef = 9508C24123EFDF1B0050017F /* Main.storyboard */; };
		9508C24523EFDF1F0050017F /* Assets.xcassets in Resources */ = {isa = PBXBuildFile; fileRef = 9508C24423EFDF1F0050017F /* Assets.xcassets */; };
		9508C24823EFDF1F0050017F /* LaunchScreen.storyboard in Resources */ = {isa = PBXBuildFile; fileRef = 9508C24623EFDF1F0050017F /* LaunchScreen.storyboard */; };
		9508C25323EFDF200050017F /* TurnTuneTests.swift in Sources */ = {isa = PBXBuildFile; fileRef = 9508C25223EFDF200050017F /* TurnTuneTests.swift */; };
		9508C25E23EFDF200050017F /* TurnTuneUITests.swift in Sources */ = {isa = PBXBuildFile; fileRef = 9508C25D23EFDF200050017F /* TurnTuneUITests.swift */; };
		952BACFA244788D400968B15 /* nanopb.xcframework in Frameworks */ = {isa = PBXBuildFile; fileRef = 952BACEF244788D400968B15 /* nanopb.xcframework */; };
		952BACFB244788D400968B15 /* GoogleAppMeasurement.framework in Frameworks */ = {isa = PBXBuildFile; fileRef = 952BACF0244788D400968B15 /* GoogleAppMeasurement.framework */; };
		952BACFC244788D400968B15 /* PromisesObjC.xcframework in Frameworks */ = {isa = PBXBuildFile; fileRef = 952BACF1244788D400968B15 /* PromisesObjC.xcframework */; };
		952BACFD244788D400968B15 /* FirebaseAnalytics.framework in Frameworks */ = {isa = PBXBuildFile; fileRef = 952BACF2244788D400968B15 /* FirebaseAnalytics.framework */; };
		952BACFE244788D400968B15 /* FirebaseCoreDiagnostics.xcframework in Frameworks */ = {isa = PBXBuildFile; fileRef = 952BACF3244788D400968B15 /* FirebaseCoreDiagnostics.xcframework */; };
		952BACFF244788D400968B15 /* FirebaseInstallations.xcframework in Frameworks */ = {isa = PBXBuildFile; fileRef = 952BACF4244788D400968B15 /* FirebaseInstallations.xcframework */; };
		952BAD00244788D400968B15 /* FirebaseCore.xcframework in Frameworks */ = {isa = PBXBuildFile; fileRef = 952BACF5244788D400968B15 /* FirebaseCore.xcframework */; };
		952BAD01244788D400968B15 /* GoogleDataTransportCCTSupport.xcframework in Frameworks */ = {isa = PBXBuildFile; fileRef = 952BACF6244788D400968B15 /* GoogleDataTransportCCTSupport.xcframework */; };
		952BAD02244788D400968B15 /* GoogleDataTransport.xcframework in Frameworks */ = {isa = PBXBuildFile; fileRef = 952BACF7244788D400968B15 /* GoogleDataTransport.xcframework */; };
		952BAD03244788D400968B15 /* FIRAnalyticsConnector.framework in Frameworks */ = {isa = PBXBuildFile; fileRef = 952BACF8244788D400968B15 /* FIRAnalyticsConnector.framework */; };
		952BAD04244788D400968B15 /* GoogleUtilities.xcframework in Frameworks */ = {isa = PBXBuildFile; fileRef = 952BACF9244788D400968B15 /* GoogleUtilities.xcframework */; };
		9549E5FC23F111210096F495 /* SpotifyAccountsApi.swift in Sources */ = {isa = PBXBuildFile; fileRef = 9549E5FB23F111210096F495 /* SpotifyAccountsApi.swift */; };
		9549E60023F11ACC0096F495 /* Token.swift in Sources */ = {isa = PBXBuildFile; fileRef = 9549E5FF23F11ACC0096F495 /* Token.swift */; };
		9549E60223F278E40096F495 /* NetworkError.swift in Sources */ = {isa = PBXBuildFile; fileRef = 9549E60123F278E40096F495 /* NetworkError.swift */; };
		9549E60423F3C7640096F495 /* SpotifyWebApi.swift in Sources */ = {isa = PBXBuildFile; fileRef = 9549E60323F3C7640096F495 /* SpotifyWebApi.swift */; };
		9560ADBC24230F4F00DAF2E7 /* SearchResult.swift in Sources */ = {isa = PBXBuildFile; fileRef = 9560ADBB24230F4F00DAF2E7 /* SearchResult.swift */; };
		9560ADBE24230F5600DAF2E7 /* Paging.swift in Sources */ = {isa = PBXBuildFile; fileRef = 9560ADBD24230F5600DAF2E7 /* Paging.swift */; };
		9560ADC024230F5D00DAF2E7 /* Track.swift in Sources */ = {isa = PBXBuildFile; fileRef = 9560ADBF24230F5D00DAF2E7 /* Track.swift */; };
		9560ADC224230F6300DAF2E7 /* Album.swift in Sources */ = {isa = PBXBuildFile; fileRef = 9560ADC124230F6300DAF2E7 /* Album.swift */; };
		9560ADC424230F6800DAF2E7 /* Artist.swift in Sources */ = {isa = PBXBuildFile; fileRef = 9560ADC324230F6800DAF2E7 /* Artist.swift */; };
		9560ADC624230F7300DAF2E7 /* ExternalUrls.swift in Sources */ = {isa = PBXBuildFile; fileRef = 9560ADC524230F7300DAF2E7 /* ExternalUrls.swift */; };
		9560ADC824230F7900DAF2E7 /* Image.swift in Sources */ = {isa = PBXBuildFile; fileRef = 9560ADC724230F7900DAF2E7 /* Image.swift */; };
		9560ADCA24230F8000DAF2E7 /* ExternalIds.swift in Sources */ = {isa = PBXBuildFile; fileRef = 9560ADC924230F8000DAF2E7 /* ExternalIds.swift */; };
		9560ADCC242339E900DAF2E7 /* Playlist.swift in Sources */ = {isa = PBXBuildFile; fileRef = 9560ADCB242339E900DAF2E7 /* Playlist.swift */; };
		9560ADCE24233A0500DAF2E7 /* Followers.swift in Sources */ = {isa = PBXBuildFile; fileRef = 9560ADCD24233A0500DAF2E7 /* Followers.swift */; };
		9560ADD024233A6100DAF2E7 /* User.swift in Sources */ = {isa = PBXBuildFile; fileRef = 9560ADCF24233A6000DAF2E7 /* User.swift */; };
		9560ADD22423452D00DAF2E7 /* PlaylistTrack.swift in Sources */ = {isa = PBXBuildFile; fileRef = 9560ADD12423452D00DAF2E7 /* PlaylistTrack.swift */; };
		9560ADD42423454500DAF2E7 /* VideoThumbnail.swift in Sources */ = {isa = PBXBuildFile; fileRef = 9560ADD32423454500DAF2E7 /* VideoThumbnail.swift */; };
		9560ADD62423463D00DAF2E7 /* Snapshot.swift in Sources */ = {isa = PBXBuildFile; fileRef = 9560ADD52423463D00DAF2E7 /* Snapshot.swift */; };
		9575781C2415413600F25C12 /* SpotifyTokenSwapApi.swift in Sources */ = {isa = PBXBuildFile; fileRef = 9575781B2415413600F25C12 /* SpotifyTokenSwapApi.swift */; };
		9575781E2415542600F25C12 /* HttpContentType.swift in Sources */ = {isa = PBXBuildFile; fileRef = 9575781D2415542600F25C12 /* HttpContentType.swift */; };
		95C842E923F0660C008EFA5F /* EndpointType.swift in Sources */ = {isa = PBXBuildFile; fileRef = 95C842E823F0660C008EFA5F /* EndpointType.swift */; };
		95C842EB23F06661008EFA5F /* HttpMethod.swift in Sources */ = {isa = PBXBuildFile; fileRef = 95C842EA23F06661008EFA5F /* HttpMethod.swift */; };
		95C842ED23F066CF008EFA5F /* HeaderEncoder.swift in Sources */ = {isa = PBXBuildFile; fileRef = 95C842EC23F066CF008EFA5F /* HeaderEncoder.swift */; };
		95C842EF23F066E6008EFA5F /* ParameterEncoder.swift in Sources */ = {isa = PBXBuildFile; fileRef = 95C842EE23F066E6008EFA5F /* ParameterEncoder.swift */; };
		95C842F223F06E97008EFA5F /* Router.swift in Sources */ = {isa = PBXBuildFile; fileRef = 95C842F123F06E97008EFA5F /* Router.swift */; };
		95C842F423F0779C008EFA5F /* NetworkRouter.swift in Sources */ = {isa = PBXBuildFile; fileRef = 95C842F323F0779C008EFA5F /* NetworkRouter.swift */; };
		95C842F623F084A0008EFA5F /* NetworkManager.swift in Sources */ = {isa = PBXBuildFile; fileRef = 95C842F523F084A0008EFA5F /* NetworkManager.swift */; };
/* End PBXBuildFile section */

/* Begin PBXContainerItemProxy section */
		9508C24F23EFDF200050017F /* PBXContainerItemProxy */ = {
			isa = PBXContainerItemProxy;
			containerPortal = 9508C23023EFDF1A0050017F /* Project object */;
			proxyType = 1;
			remoteGlobalIDString = 9508C23723EFDF1A0050017F;
			remoteInfo = TurnTune;
		};
		9508C25A23EFDF200050017F /* PBXContainerItemProxy */ = {
			isa = PBXContainerItemProxy;
			containerPortal = 9508C23023EFDF1A0050017F /* Project object */;
			proxyType = 1;
			remoteGlobalIDString = 9508C23723EFDF1A0050017F;
			remoteInfo = TurnTune;
		};
/* End PBXContainerItemProxy section */

/* Begin PBXFileReference section */
		9508C23823EFDF1A0050017F /* TurnTune.app */ = {isa = PBXFileReference; explicitFileType = wrapper.application; includeInIndex = 0; path = TurnTune.app; sourceTree = BUILT_PRODUCTS_DIR; };
		9508C23B23EFDF1A0050017F /* AppDelegate.swift */ = {isa = PBXFileReference; lastKnownFileType = sourcecode.swift; path = AppDelegate.swift; sourceTree = "<group>"; };
		9508C23D23EFDF1B0050017F /* SceneDelegate.swift */ = {isa = PBXFileReference; lastKnownFileType = sourcecode.swift; path = SceneDelegate.swift; sourceTree = "<group>"; };
		9508C23F23EFDF1B0050017F /* ViewController.swift */ = {isa = PBXFileReference; lastKnownFileType = sourcecode.swift; path = ViewController.swift; sourceTree = "<group>"; };
		9508C24223EFDF1B0050017F /* Base */ = {isa = PBXFileReference; lastKnownFileType = file.storyboard; name = Base; path = Base.lproj/Main.storyboard; sourceTree = "<group>"; };
		9508C24423EFDF1F0050017F /* Assets.xcassets */ = {isa = PBXFileReference; lastKnownFileType = folder.assetcatalog; path = Assets.xcassets; sourceTree = "<group>"; };
		9508C24723EFDF1F0050017F /* Base */ = {isa = PBXFileReference; lastKnownFileType = file.storyboard; name = Base; path = Base.lproj/LaunchScreen.storyboard; sourceTree = "<group>"; };
		9508C24923EFDF1F0050017F /* Info.plist */ = {isa = PBXFileReference; lastKnownFileType = text.plist.xml; path = Info.plist; sourceTree = "<group>"; };
		9508C24E23EFDF200050017F /* TurnTuneTests.xctest */ = {isa = PBXFileReference; explicitFileType = wrapper.cfbundle; includeInIndex = 0; path = TurnTuneTests.xctest; sourceTree = BUILT_PRODUCTS_DIR; };
		9508C25223EFDF200050017F /* TurnTuneTests.swift */ = {isa = PBXFileReference; lastKnownFileType = sourcecode.swift; path = TurnTuneTests.swift; sourceTree = "<group>"; };
		9508C25423EFDF200050017F /* Info.plist */ = {isa = PBXFileReference; lastKnownFileType = text.plist.xml; path = Info.plist; sourceTree = "<group>"; };
		9508C25923EFDF200050017F /* TurnTuneUITests.xctest */ = {isa = PBXFileReference; explicitFileType = wrapper.cfbundle; includeInIndex = 0; path = TurnTuneUITests.xctest; sourceTree = BUILT_PRODUCTS_DIR; };
		9508C25D23EFDF200050017F /* TurnTuneUITests.swift */ = {isa = PBXFileReference; lastKnownFileType = sourcecode.swift; path = TurnTuneUITests.swift; sourceTree = "<group>"; };
		9508C25F23EFDF200050017F /* Info.plist */ = {isa = PBXFileReference; lastKnownFileType = text.plist.xml; path = Info.plist; sourceTree = "<group>"; };
		952BACEF244788D400968B15 /* nanopb.xcframework */ = {isa = PBXFileReference; lastKnownFileType = wrapper.xcframework; path = nanopb.xcframework; sourceTree = "<group>"; };
		952BACF0244788D400968B15 /* GoogleAppMeasurement.framework */ = {isa = PBXFileReference; lastKnownFileType = wrapper.framework; path = GoogleAppMeasurement.framework; sourceTree = "<group>"; };
		952BACF1244788D400968B15 /* PromisesObjC.xcframework */ = {isa = PBXFileReference; lastKnownFileType = wrapper.xcframework; path = PromisesObjC.xcframework; sourceTree = "<group>"; };
		952BACF2244788D400968B15 /* FirebaseAnalytics.framework */ = {isa = PBXFileReference; lastKnownFileType = wrapper.framework; path = FirebaseAnalytics.framework; sourceTree = "<group>"; };
		952BACF3244788D400968B15 /* FirebaseCoreDiagnostics.xcframework */ = {isa = PBXFileReference; lastKnownFileType = wrapper.xcframework; path = FirebaseCoreDiagnostics.xcframework; sourceTree = "<group>"; };
		952BACF4244788D400968B15 /* FirebaseInstallations.xcframework */ = {isa = PBXFileReference; lastKnownFileType = wrapper.xcframework; path = FirebaseInstallations.xcframework; sourceTree = "<group>"; };
		952BACF5244788D400968B15 /* FirebaseCore.xcframework */ = {isa = PBXFileReference; lastKnownFileType = wrapper.xcframework; path = FirebaseCore.xcframework; sourceTree = "<group>"; };
		952BACF6244788D400968B15 /* GoogleDataTransportCCTSupport.xcframework */ = {isa = PBXFileReference; lastKnownFileType = wrapper.xcframework; path = GoogleDataTransportCCTSupport.xcframework; sourceTree = "<group>"; };
		952BACF7244788D400968B15 /* GoogleDataTransport.xcframework */ = {isa = PBXFileReference; lastKnownFileType = wrapper.xcframework; path = GoogleDataTransport.xcframework; sourceTree = "<group>"; };
		952BACF8244788D400968B15 /* FIRAnalyticsConnector.framework */ = {isa = PBXFileReference; lastKnownFileType = wrapper.framework; path = FIRAnalyticsConnector.framework; sourceTree = "<group>"; };
		952BACF9244788D400968B15 /* GoogleUtilities.xcframework */ = {isa = PBXFileReference; lastKnownFileType = wrapper.xcframework; path = GoogleUtilities.xcframework; sourceTree = "<group>"; };
		952BAD0624478AD800968B15 /* Firebase.h */ = {isa = PBXFileReference; fileEncoding = 4; lastKnownFileType = sourcecode.c.h; path = Firebase.h; sourceTree = "<group>"; };
		952BAD0724478AD900968B15 /* module.modulemap */ = {isa = PBXFileReference; fileEncoding = 4; lastKnownFileType = "sourcecode.module-map"; path = module.modulemap; sourceTree = "<group>"; };
		9549E5FB23F111210096F495 /* SpotifyAccountsApi.swift */ = {isa = PBXFileReference; lastKnownFileType = sourcecode.swift; path = SpotifyAccountsApi.swift; sourceTree = "<group>"; };
		9549E5FF23F11ACC0096F495 /* Token.swift */ = {isa = PBXFileReference; lastKnownFileType = sourcecode.swift; path = Token.swift; sourceTree = "<group>"; };
		9549E60123F278E40096F495 /* NetworkError.swift */ = {isa = PBXFileReference; lastKnownFileType = sourcecode.swift; path = NetworkError.swift; sourceTree = "<group>"; };
		9549E60323F3C7640096F495 /* SpotifyWebApi.swift */ = {isa = PBXFileReference; lastKnownFileType = sourcecode.swift; path = SpotifyWebApi.swift; sourceTree = "<group>"; };
		9560ADBB24230F4F00DAF2E7 /* SearchResult.swift */ = {isa = PBXFileReference; lastKnownFileType = sourcecode.swift; path = SearchResult.swift; sourceTree = "<group>"; };
		9560ADBD24230F5600DAF2E7 /* Paging.swift */ = {isa = PBXFileReference; lastKnownFileType = sourcecode.swift; path = Paging.swift; sourceTree = "<group>"; };
		9560ADBF24230F5D00DAF2E7 /* Track.swift */ = {isa = PBXFileReference; lastKnownFileType = sourcecode.swift; path = Track.swift; sourceTree = "<group>"; };
		9560ADC124230F6300DAF2E7 /* Album.swift */ = {isa = PBXFileReference; lastKnownFileType = sourcecode.swift; path = Album.swift; sourceTree = "<group>"; };
		9560ADC324230F6800DAF2E7 /* Artist.swift */ = {isa = PBXFileReference; lastKnownFileType = sourcecode.swift; path = Artist.swift; sourceTree = "<group>"; };
		9560ADC524230F7300DAF2E7 /* ExternalUrls.swift */ = {isa = PBXFileReference; lastKnownFileType = sourcecode.swift; path = ExternalUrls.swift; sourceTree = "<group>"; };
		9560ADC724230F7900DAF2E7 /* Image.swift */ = {isa = PBXFileReference; lastKnownFileType = sourcecode.swift; path = Image.swift; sourceTree = "<group>"; };
		9560ADC924230F8000DAF2E7 /* ExternalIds.swift */ = {isa = PBXFileReference; lastKnownFileType = sourcecode.swift; path = ExternalIds.swift; sourceTree = "<group>"; };
		9560ADCB242339E900DAF2E7 /* Playlist.swift */ = {isa = PBXFileReference; lastKnownFileType = sourcecode.swift; path = Playlist.swift; sourceTree = "<group>"; };
		9560ADCD24233A0500DAF2E7 /* Followers.swift */ = {isa = PBXFileReference; lastKnownFileType = sourcecode.swift; path = Followers.swift; sourceTree = "<group>"; };
		9560ADCF24233A6000DAF2E7 /* User.swift */ = {isa = PBXFileReference; lastKnownFileType = sourcecode.swift; path = User.swift; sourceTree = "<group>"; };
		9560ADD12423452D00DAF2E7 /* PlaylistTrack.swift */ = {isa = PBXFileReference; lastKnownFileType = sourcecode.swift; path = PlaylistTrack.swift; sourceTree = "<group>"; };
		9560ADD32423454500DAF2E7 /* VideoThumbnail.swift */ = {isa = PBXFileReference; lastKnownFileType = sourcecode.swift; path = VideoThumbnail.swift; sourceTree = "<group>"; };
		9560ADD52423463D00DAF2E7 /* Snapshot.swift */ = {isa = PBXFileReference; lastKnownFileType = sourcecode.swift; path = Snapshot.swift; sourceTree = "<group>"; };
		9575781B2415413600F25C12 /* SpotifyTokenSwapApi.swift */ = {isa = PBXFileReference; lastKnownFileType = sourcecode.swift; path = SpotifyTokenSwapApi.swift; sourceTree = "<group>"; };
		9575781D2415542600F25C12 /* HttpContentType.swift */ = {isa = PBXFileReference; lastKnownFileType = sourcecode.swift; path = HttpContentType.swift; sourceTree = "<group>"; };
		95C842E823F0660C008EFA5F /* EndpointType.swift */ = {isa = PBXFileReference; lastKnownFileType = sourcecode.swift; path = EndpointType.swift; sourceTree = "<group>"; };
		95C842EA23F06661008EFA5F /* HttpMethod.swift */ = {isa = PBXFileReference; lastKnownFileType = sourcecode.swift; path = HttpMethod.swift; sourceTree = "<group>"; };
		95C842EC23F066CF008EFA5F /* HeaderEncoder.swift */ = {isa = PBXFileReference; lastKnownFileType = sourcecode.swift; path = HeaderEncoder.swift; sourceTree = "<group>"; };
		95C842EE23F066E6008EFA5F /* ParameterEncoder.swift */ = {isa = PBXFileReference; lastKnownFileType = sourcecode.swift; path = ParameterEncoder.swift; sourceTree = "<group>"; };
		95C842F123F06E97008EFA5F /* Router.swift */ = {isa = PBXFileReference; lastKnownFileType = sourcecode.swift; path = Router.swift; sourceTree = "<group>"; };
		95C842F323F0779C008EFA5F /* NetworkRouter.swift */ = {isa = PBXFileReference; lastKnownFileType = sourcecode.swift; path = NetworkRouter.swift; sourceTree = "<group>"; };
		95C842F523F084A0008EFA5F /* NetworkManager.swift */ = {isa = PBXFileReference; lastKnownFileType = sourcecode.swift; path = NetworkManager.swift; sourceTree = "<group>"; };
/* End PBXFileReference section */

/* Begin PBXFrameworksBuildPhase section */
		9508C23523EFDF1A0050017F /* Frameworks */ = {
			isa = PBXFrameworksBuildPhase;
			buildActionMask = 2147483647;
			files = (
				952BACFD244788D400968B15 /* FirebaseAnalytics.framework in Frameworks */,
				952BACFE244788D400968B15 /* FirebaseCoreDiagnostics.xcframework in Frameworks */,
				952BAD00244788D400968B15 /* FirebaseCore.xcframework in Frameworks */,
				952BAD03244788D400968B15 /* FIRAnalyticsConnector.framework in Frameworks */,
				952BAD04244788D400968B15 /* GoogleUtilities.xcframework in Frameworks */,
				952BAD01244788D400968B15 /* GoogleDataTransportCCTSupport.xcframework in Frameworks */,
				952BACFF244788D400968B15 /* FirebaseInstallations.xcframework in Frameworks */,
				952BACFC244788D400968B15 /* PromisesObjC.xcframework in Frameworks */,
				952BAD02244788D400968B15 /* GoogleDataTransport.xcframework in Frameworks */,
				952BACFB244788D400968B15 /* GoogleAppMeasurement.framework in Frameworks */,
				952BACFA244788D400968B15 /* nanopb.xcframework in Frameworks */,
			);
			runOnlyForDeploymentPostprocessing = 0;
		};
		9508C24B23EFDF200050017F /* Frameworks */ = {
			isa = PBXFrameworksBuildPhase;
			buildActionMask = 2147483647;
			files = (
			);
			runOnlyForDeploymentPostprocessing = 0;
		};
		9508C25623EFDF200050017F /* Frameworks */ = {
			isa = PBXFrameworksBuildPhase;
			buildActionMask = 2147483647;
			files = (
			);
			runOnlyForDeploymentPostprocessing = 0;
		};
/* End PBXFrameworksBuildPhase section */

/* Begin PBXGroup section */
		9508C22F23EFDF1A0050017F = {
			isa = PBXGroup;
			children = (
				9508C23A23EFDF1A0050017F /* TurnTune */,
				9508C25123EFDF200050017F /* TurnTuneTests */,
				9508C25C23EFDF200050017F /* TurnTuneUITests */,
				9508C23923EFDF1A0050017F /* Products */,
				952BACED244788B400968B15 /* Firebase */,
			);
			sourceTree = "<group>";
		};
		9508C23923EFDF1A0050017F /* Products */ = {
			isa = PBXGroup;
			children = (
				9508C23823EFDF1A0050017F /* TurnTune.app */,
				9508C24E23EFDF200050017F /* TurnTuneTests.xctest */,
				9508C25923EFDF200050017F /* TurnTuneUITests.xctest */,
			);
			name = Products;
			sourceTree = "<group>";
		};
		9508C23A23EFDF1A0050017F /* TurnTune */ = {
			isa = PBXGroup;
			children = (
				95C842DF23F03ED0008EFA5F /* Application */,
				95C842E023F03F0F008EFA5F /* Model */,
				95C842E323F03F21008EFA5F /* View */,
				95C842E123F03F17008EFA5F /* Controller */,
				95C842E423F03F8A008EFA5F /* Networking */,
				9508C24423EFDF1F0050017F /* Assets.xcassets */,
				9508C24923EFDF1F0050017F /* Info.plist */,
			);
			path = TurnTune;
			sourceTree = "<group>";
		};
		9508C25123EFDF200050017F /* TurnTuneTests */ = {
			isa = PBXGroup;
			children = (
				9508C25223EFDF200050017F /* TurnTuneTests.swift */,
				9508C25423EFDF200050017F /* Info.plist */,
			);
			path = TurnTuneTests;
			sourceTree = "<group>";
		};
		9508C25C23EFDF200050017F /* TurnTuneUITests */ = {
			isa = PBXGroup;
			children = (
				9508C25D23EFDF200050017F /* TurnTuneUITests.swift */,
				9508C25F23EFDF200050017F /* Info.plist */,
			);
			path = TurnTuneUITests;
			sourceTree = "<group>";
		};
		952BACED244788B400968B15 /* Firebase */ = {
			isa = PBXGroup;
			children = (
				952BAD0524478AC300968B15 /* Header */,
				952BACEE244788D400968B15 /* FirebaseAnalytics */,
			);
			path = Firebase;
			sourceTree = "<group>";
		};
		952BACEE244788D400968B15 /* FirebaseAnalytics */ = {
			isa = PBXGroup;
			children = (
				952BACEF244788D400968B15 /* nanopb.xcframework */,
				952BACF0244788D400968B15 /* GoogleAppMeasurement.framework */,
				952BACF1244788D400968B15 /* PromisesObjC.xcframework */,
				952BACF2244788D400968B15 /* FirebaseAnalytics.framework */,
				952BACF3244788D400968B15 /* FirebaseCoreDiagnostics.xcframework */,
				952BACF4244788D400968B15 /* FirebaseInstallations.xcframework */,
				952BACF5244788D400968B15 /* FirebaseCore.xcframework */,
				952BACF6244788D400968B15 /* GoogleDataTransportCCTSupport.xcframework */,
				952BACF7244788D400968B15 /* GoogleDataTransport.xcframework */,
				952BACF8244788D400968B15 /* FIRAnalyticsConnector.framework */,
				952BACF9244788D400968B15 /* GoogleUtilities.xcframework */,
			);
			path = FirebaseAnalytics;
			sourceTree = "<group>";
		};
		952BAD0524478AC300968B15 /* Header */ = {
			isa = PBXGroup;
			children = (
				952BAD0624478AD800968B15 /* Firebase.h */,
				952BAD0724478AD900968B15 /* module.modulemap */,
			);
			path = Header;
			sourceTree = "<group>";
		};
		9549E5FA23F110DC0096F495 /* Endpoint */ = {
			isa = PBXGroup;
			children = (
				95C842E823F0660C008EFA5F /* EndpointType.swift */,
				9549E5FB23F111210096F495 /* SpotifyAccountsApi.swift */,
				9575781B2415413600F25C12 /* SpotifyTokenSwapApi.swift */,
				9549E60323F3C7640096F495 /* SpotifyWebApi.swift */,
			);
			path = Endpoint;
			sourceTree = "<group>";
		};
		95C842DF23F03ED0008EFA5F /* Application */ = {
			isa = PBXGroup;
			children = (
				9508C23B23EFDF1A0050017F /* AppDelegate.swift */,
				9508C23D23EFDF1B0050017F /* SceneDelegate.swift */,
			);
			path = Application;
			sourceTree = "<group>";
		};
		95C842E023F03F0F008EFA5F /* Model */ = {
			isa = PBXGroup;
			children = (
				9560ADC124230F6300DAF2E7 /* Album.swift */,
				9560ADC324230F6800DAF2E7 /* Artist.swift */,
				9560ADC924230F8000DAF2E7 /* ExternalIds.swift */,
				9560ADC524230F7300DAF2E7 /* ExternalUrls.swift */,
				9560ADCD24233A0500DAF2E7 /* Followers.swift */,
				9560ADC724230F7900DAF2E7 /* Image.swift */,
				9560ADBD24230F5600DAF2E7 /* Paging.swift */,
				9560ADCB242339E900DAF2E7 /* Playlist.swift */,
				9560ADD12423452D00DAF2E7 /* PlaylistTrack.swift */,
				9560ADBB24230F4F00DAF2E7 /* SearchResult.swift */,
				9560ADD52423463D00DAF2E7 /* Snapshot.swift */,
				9549E5FF23F11ACC0096F495 /* Token.swift */,
				9560ADBF24230F5D00DAF2E7 /* Track.swift */,
				9560ADCF24233A6000DAF2E7 /* User.swift */,
				9560ADD32423454500DAF2E7 /* VideoThumbnail.swift */,
			);
			path = Model;
			sourceTree = "<group>";
		};
		95C842E123F03F17008EFA5F /* Controller */ = {
			isa = PBXGroup;
			children = (
				9508C23F23EFDF1B0050017F /* ViewController.swift */,
			);
			path = Controller;
			sourceTree = "<group>";
		};
		95C842E323F03F21008EFA5F /* View */ = {
			isa = PBXGroup;
			children = (
				9508C24623EFDF1F0050017F /* LaunchScreen.storyboard */,
				9508C24123EFDF1B0050017F /* Main.storyboard */,
			);
			path = View;
			sourceTree = "<group>";
		};
		95C842E423F03F8A008EFA5F /* Networking */ = {
			isa = PBXGroup;
			children = (
				95C842E723F0641B008EFA5F /* Encoding */,
				9549E5FA23F110DC0096F495 /* Endpoint */,
				95C842E623F06417008EFA5F /* Service */,
				95C842E523F06412008EFA5F /* Manager */,
			);
			path = Networking;
			sourceTree = "<group>";
		};
		95C842E523F06412008EFA5F /* Manager */ = {
			isa = PBXGroup;
			children = (
				95C842F523F084A0008EFA5F /* NetworkManager.swift */,
			);
			path = Manager;
			sourceTree = "<group>";
		};
		95C842E623F06417008EFA5F /* Service */ = {
			isa = PBXGroup;
			children = (
				95C842EA23F06661008EFA5F /* HttpMethod.swift */,
				9575781D2415542600F25C12 /* HttpContentType.swift */,
				95C842F123F06E97008EFA5F /* Router.swift */,
				95C842F323F0779C008EFA5F /* NetworkRouter.swift */,
				9549E60123F278E40096F495 /* NetworkError.swift */,
			);
			path = Service;
			sourceTree = "<group>";
		};
		95C842E723F0641B008EFA5F /* Encoding */ = {
			isa = PBXGroup;
			children = (
				95C842EC23F066CF008EFA5F /* HeaderEncoder.swift */,
				95C842EE23F066E6008EFA5F /* ParameterEncoder.swift */,
			);
			path = Encoding;
			sourceTree = "<group>";
		};
/* End PBXGroup section */

/* Begin PBXNativeTarget section */
		9508C23723EFDF1A0050017F /* TurnTune */ = {
			isa = PBXNativeTarget;
			buildConfigurationList = 9508C26223EFDF200050017F /* Build configuration list for PBXNativeTarget "TurnTune" */;
			buildPhases = (
				9508C23423EFDF1A0050017F /* Sources */,
				9508C23523EFDF1A0050017F /* Frameworks */,
				9508C23623EFDF1A0050017F /* Resources */,
			);
			buildRules = (
			);
			dependencies = (
			);
			name = TurnTune;
			productName = TurnTune;
			productReference = 9508C23823EFDF1A0050017F /* TurnTune.app */;
			productType = "com.apple.product-type.application";
		};
		9508C24D23EFDF200050017F /* TurnTuneTests */ = {
			isa = PBXNativeTarget;
			buildConfigurationList = 9508C26523EFDF200050017F /* Build configuration list for PBXNativeTarget "TurnTuneTests" */;
			buildPhases = (
				9508C24A23EFDF200050017F /* Sources */,
				9508C24B23EFDF200050017F /* Frameworks */,
				9508C24C23EFDF200050017F /* Resources */,
			);
			buildRules = (
			);
			dependencies = (
				9508C25023EFDF200050017F /* PBXTargetDependency */,
			);
			name = TurnTuneTests;
			productName = TurnTuneTests;
			productReference = 9508C24E23EFDF200050017F /* TurnTuneTests.xctest */;
			productType = "com.apple.product-type.bundle.unit-test";
		};
		9508C25823EFDF200050017F /* TurnTuneUITests */ = {
			isa = PBXNativeTarget;
			buildConfigurationList = 9508C26823EFDF200050017F /* Build configuration list for PBXNativeTarget "TurnTuneUITests" */;
			buildPhases = (
				9508C25523EFDF200050017F /* Sources */,
				9508C25623EFDF200050017F /* Frameworks */,
				9508C25723EFDF200050017F /* Resources */,
			);
			buildRules = (
			);
			dependencies = (
				9508C25B23EFDF200050017F /* PBXTargetDependency */,
			);
			name = TurnTuneUITests;
			productName = TurnTuneUITests;
			productReference = 9508C25923EFDF200050017F /* TurnTuneUITests.xctest */;
			productType = "com.apple.product-type.bundle.ui-testing";
		};
/* End PBXNativeTarget section */

/* Begin PBXProject section */
		9508C23023EFDF1A0050017F /* Project object */ = {
			isa = PBXProject;
			attributes = {
				LastSwiftUpdateCheck = 1130;
				LastUpgradeCheck = 1130;
				ORGANIZATIONNAME = "Louis Menacho";
				TargetAttributes = {
					9508C23723EFDF1A0050017F = {
						CreatedOnToolsVersion = 11.3.1;
					};
					9508C24D23EFDF200050017F = {
						CreatedOnToolsVersion = 11.3.1;
						TestTargetID = 9508C23723EFDF1A0050017F;
					};
					9508C25823EFDF200050017F = {
						CreatedOnToolsVersion = 11.3.1;
						TestTargetID = 9508C23723EFDF1A0050017F;
					};
				};
			};
			buildConfigurationList = 9508C23323EFDF1A0050017F /* Build configuration list for PBXProject "TurnTune" */;
			compatibilityVersion = "Xcode 9.3";
			developmentRegion = en;
			hasScannedForEncodings = 0;
			knownRegions = (
				en,
				Base,
			);
			mainGroup = 9508C22F23EFDF1A0050017F;
			productRefGroup = 9508C23923EFDF1A0050017F /* Products */;
			projectDirPath = "";
			projectRoot = "";
			targets = (
				9508C23723EFDF1A0050017F /* TurnTune */,
				9508C24D23EFDF200050017F /* TurnTuneTests */,
				9508C25823EFDF200050017F /* TurnTuneUITests */,
			);
		};
/* End PBXProject section */

/* Begin PBXResourcesBuildPhase section */
		9508C23623EFDF1A0050017F /* Resources */ = {
			isa = PBXResourcesBuildPhase;
			buildActionMask = 2147483647;
			files = (
				9508C24823EFDF1F0050017F /* LaunchScreen.storyboard in Resources */,
				9508C24523EFDF1F0050017F /* Assets.xcassets in Resources */,
				9508C24323EFDF1B0050017F /* Main.storyboard in Resources */,
			);
			runOnlyForDeploymentPostprocessing = 0;
		};
		9508C24C23EFDF200050017F /* Resources */ = {
			isa = PBXResourcesBuildPhase;
			buildActionMask = 2147483647;
			files = (
			);
			runOnlyForDeploymentPostprocessing = 0;
		};
		9508C25723EFDF200050017F /* Resources */ = {
			isa = PBXResourcesBuildPhase;
			buildActionMask = 2147483647;
			files = (
			);
			runOnlyForDeploymentPostprocessing = 0;
		};
/* End PBXResourcesBuildPhase section */

/* Begin PBXSourcesBuildPhase section */
		9508C23423EFDF1A0050017F /* Sources */ = {
			isa = PBXSourcesBuildPhase;
			buildActionMask = 2147483647;
			files = (
				9560ADBE24230F5600DAF2E7 /* Paging.swift in Sources */,
				9560ADD22423452D00DAF2E7 /* PlaylistTrack.swift in Sources */,
				95C842F223F06E97008EFA5F /* Router.swift in Sources */,
				9508C24023EFDF1B0050017F /* ViewController.swift in Sources */,
				9560ADCA24230F8000DAF2E7 /* ExternalIds.swift in Sources */,
				95C842ED23F066CF008EFA5F /* HeaderEncoder.swift in Sources */,
				9560ADD024233A6100DAF2E7 /* User.swift in Sources */,
				9560ADC024230F5D00DAF2E7 /* Track.swift in Sources */,
				9549E60023F11ACC0096F495 /* Token.swift in Sources */,
				9560ADD62423463D00DAF2E7 /* Snapshot.swift in Sources */,
				9560ADCE24233A0500DAF2E7 /* Followers.swift in Sources */,
				9549E60423F3C7640096F495 /* SpotifyWebApi.swift in Sources */,
				9508C23C23EFDF1A0050017F /* AppDelegate.swift in Sources */,
				9549E5FC23F111210096F495 /* SpotifyAccountsApi.swift in Sources */,
				9575781E2415542600F25C12 /* HttpContentType.swift in Sources */,
				95C842EB23F06661008EFA5F /* HttpMethod.swift in Sources */,
				95C842F623F084A0008EFA5F /* NetworkManager.swift in Sources */,
				9508C23E23EFDF1B0050017F /* SceneDelegate.swift in Sources */,
				95C842E923F0660C008EFA5F /* EndpointType.swift in Sources */,
				9560ADD42423454500DAF2E7 /* VideoThumbnail.swift in Sources */,
				9560ADC224230F6300DAF2E7 /* Album.swift in Sources */,
				9560ADBC24230F4F00DAF2E7 /* SearchResult.swift in Sources */,
				9560ADC424230F6800DAF2E7 /* Artist.swift in Sources */,
				95C842EF23F066E6008EFA5F /* ParameterEncoder.swift in Sources */,
				9560ADCC242339E900DAF2E7 /* Playlist.swift in Sources */,
				9560ADC824230F7900DAF2E7 /* Image.swift in Sources */,
				95C842F423F0779C008EFA5F /* NetworkRouter.swift in Sources */,
				9575781C2415413600F25C12 /* SpotifyTokenSwapApi.swift in Sources */,
				9549E60223F278E40096F495 /* NetworkError.swift in Sources */,
				9560ADC624230F7300DAF2E7 /* ExternalUrls.swift in Sources */,
			);
			runOnlyForDeploymentPostprocessing = 0;
		};
		9508C24A23EFDF200050017F /* Sources */ = {
			isa = PBXSourcesBuildPhase;
			buildActionMask = 2147483647;
			files = (
				9508C25323EFDF200050017F /* TurnTuneTests.swift in Sources */,
			);
			runOnlyForDeploymentPostprocessing = 0;
		};
		9508C25523EFDF200050017F /* Sources */ = {
			isa = PBXSourcesBuildPhase;
			buildActionMask = 2147483647;
			files = (
				9508C25E23EFDF200050017F /* TurnTuneUITests.swift in Sources */,
			);
			runOnlyForDeploymentPostprocessing = 0;
		};
/* End PBXSourcesBuildPhase section */

/* Begin PBXTargetDependency section */
		9508C25023EFDF200050017F /* PBXTargetDependency */ = {
			isa = PBXTargetDependency;
			target = 9508C23723EFDF1A0050017F /* TurnTune */;
			targetProxy = 9508C24F23EFDF200050017F /* PBXContainerItemProxy */;
		};
		9508C25B23EFDF200050017F /* PBXTargetDependency */ = {
			isa = PBXTargetDependency;
			target = 9508C23723EFDF1A0050017F /* TurnTune */;
			targetProxy = 9508C25A23EFDF200050017F /* PBXContainerItemProxy */;
		};
/* End PBXTargetDependency section */

/* Begin PBXVariantGroup section */
		9508C24123EFDF1B0050017F /* Main.storyboard */ = {
			isa = PBXVariantGroup;
			children = (
				9508C24223EFDF1B0050017F /* Base */,
			);
			name = Main.storyboard;
			sourceTree = "<group>";
		};
		9508C24623EFDF1F0050017F /* LaunchScreen.storyboard */ = {
			isa = PBXVariantGroup;
			children = (
				9508C24723EFDF1F0050017F /* Base */,
			);
			name = LaunchScreen.storyboard;
			sourceTree = "<group>";
		};
/* End PBXVariantGroup section */

/* Begin XCBuildConfiguration section */
		9508C26023EFDF200050017F /* Debug */ = {
			isa = XCBuildConfiguration;
			buildSettings = {
				ALWAYS_SEARCH_USER_PATHS = NO;
				CLANG_ANALYZER_NONNULL = YES;
				CLANG_ANALYZER_NUMBER_OBJECT_CONVERSION = YES_AGGRESSIVE;
				CLANG_CXX_LANGUAGE_STANDARD = "gnu++14";
				CLANG_CXX_LIBRARY = "libc++";
				CLANG_ENABLE_MODULES = YES;
				CLANG_ENABLE_OBJC_ARC = YES;
				CLANG_ENABLE_OBJC_WEAK = YES;
				CLANG_WARN_BLOCK_CAPTURE_AUTORELEASING = YES;
				CLANG_WARN_BOOL_CONVERSION = YES;
				CLANG_WARN_COMMA = YES;
				CLANG_WARN_CONSTANT_CONVERSION = YES;
				CLANG_WARN_DEPRECATED_OBJC_IMPLEMENTATIONS = YES;
				CLANG_WARN_DIRECT_OBJC_ISA_USAGE = YES_ERROR;
				CLANG_WARN_DOCUMENTATION_COMMENTS = YES;
				CLANG_WARN_EMPTY_BODY = YES;
				CLANG_WARN_ENUM_CONVERSION = YES;
				CLANG_WARN_INFINITE_RECURSION = YES;
				CLANG_WARN_INT_CONVERSION = YES;
				CLANG_WARN_NON_LITERAL_NULL_CONVERSION = YES;
				CLANG_WARN_OBJC_IMPLICIT_RETAIN_SELF = YES;
				CLANG_WARN_OBJC_LITERAL_CONVERSION = YES;
				CLANG_WARN_OBJC_ROOT_CLASS = YES_ERROR;
				CLANG_WARN_RANGE_LOOP_ANALYSIS = YES;
				CLANG_WARN_STRICT_PROTOTYPES = YES;
				CLANG_WARN_SUSPICIOUS_MOVE = YES;
				CLANG_WARN_UNGUARDED_AVAILABILITY = YES_AGGRESSIVE;
				CLANG_WARN_UNREACHABLE_CODE = YES;
				CLANG_WARN__DUPLICATE_METHOD_MATCH = YES;
				COPY_PHASE_STRIP = NO;
				DEBUG_INFORMATION_FORMAT = dwarf;
				ENABLE_STRICT_OBJC_MSGSEND = YES;
				ENABLE_TESTABILITY = YES;
				GCC_C_LANGUAGE_STANDARD = gnu11;
				GCC_DYNAMIC_NO_PIC = NO;
				GCC_NO_COMMON_BLOCKS = YES;
				GCC_OPTIMIZATION_LEVEL = 0;
				GCC_PREPROCESSOR_DEFINITIONS = (
					"DEBUG=1",
					"$(inherited)",
				);
				GCC_WARN_64_TO_32_BIT_CONVERSION = YES;
				GCC_WARN_ABOUT_RETURN_TYPE = YES_ERROR;
				GCC_WARN_UNDECLARED_SELECTOR = YES;
				GCC_WARN_UNINITIALIZED_AUTOS = YES_AGGRESSIVE;
				GCC_WARN_UNUSED_FUNCTION = YES;
				GCC_WARN_UNUSED_VARIABLE = YES;
				IPHONEOS_DEPLOYMENT_TARGET = 13.2;
				MTL_ENABLE_DEBUG_INFO = INCLUDE_SOURCE;
				MTL_FAST_MATH = YES;
				ONLY_ACTIVE_ARCH = YES;
				SDKROOT = iphoneos;
				SWIFT_ACTIVE_COMPILATION_CONDITIONS = DEBUG;
				SWIFT_OPTIMIZATION_LEVEL = "-Onone";
			};
			name = Debug;
		};
		9508C26123EFDF200050017F /* Release */ = {
			isa = XCBuildConfiguration;
			buildSettings = {
				ALWAYS_SEARCH_USER_PATHS = NO;
				CLANG_ANALYZER_NONNULL = YES;
				CLANG_ANALYZER_NUMBER_OBJECT_CONVERSION = YES_AGGRESSIVE;
				CLANG_CXX_LANGUAGE_STANDARD = "gnu++14";
				CLANG_CXX_LIBRARY = "libc++";
				CLANG_ENABLE_MODULES = YES;
				CLANG_ENABLE_OBJC_ARC = YES;
				CLANG_ENABLE_OBJC_WEAK = YES;
				CLANG_WARN_BLOCK_CAPTURE_AUTORELEASING = YES;
				CLANG_WARN_BOOL_CONVERSION = YES;
				CLANG_WARN_COMMA = YES;
				CLANG_WARN_CONSTANT_CONVERSION = YES;
				CLANG_WARN_DEPRECATED_OBJC_IMPLEMENTATIONS = YES;
				CLANG_WARN_DIRECT_OBJC_ISA_USAGE = YES_ERROR;
				CLANG_WARN_DOCUMENTATION_COMMENTS = YES;
				CLANG_WARN_EMPTY_BODY = YES;
				CLANG_WARN_ENUM_CONVERSION = YES;
				CLANG_WARN_INFINITE_RECURSION = YES;
				CLANG_WARN_INT_CONVERSION = YES;
				CLANG_WARN_NON_LITERAL_NULL_CONVERSION = YES;
				CLANG_WARN_OBJC_IMPLICIT_RETAIN_SELF = YES;
				CLANG_WARN_OBJC_LITERAL_CONVERSION = YES;
				CLANG_WARN_OBJC_ROOT_CLASS = YES_ERROR;
				CLANG_WARN_RANGE_LOOP_ANALYSIS = YES;
				CLANG_WARN_STRICT_PROTOTYPES = YES;
				CLANG_WARN_SUSPICIOUS_MOVE = YES;
				CLANG_WARN_UNGUARDED_AVAILABILITY = YES_AGGRESSIVE;
				CLANG_WARN_UNREACHABLE_CODE = YES;
				CLANG_WARN__DUPLICATE_METHOD_MATCH = YES;
				COPY_PHASE_STRIP = NO;
				DEBUG_INFORMATION_FORMAT = "dwarf-with-dsym";
				ENABLE_NS_ASSERTIONS = NO;
				ENABLE_STRICT_OBJC_MSGSEND = YES;
				GCC_C_LANGUAGE_STANDARD = gnu11;
				GCC_NO_COMMON_BLOCKS = YES;
				GCC_WARN_64_TO_32_BIT_CONVERSION = YES;
				GCC_WARN_ABOUT_RETURN_TYPE = YES_ERROR;
				GCC_WARN_UNDECLARED_SELECTOR = YES;
				GCC_WARN_UNINITIALIZED_AUTOS = YES_AGGRESSIVE;
				GCC_WARN_UNUSED_FUNCTION = YES;
				GCC_WARN_UNUSED_VARIABLE = YES;
				IPHONEOS_DEPLOYMENT_TARGET = 13.2;
				MTL_ENABLE_DEBUG_INFO = NO;
				MTL_FAST_MATH = YES;
				SDKROOT = iphoneos;
				SWIFT_COMPILATION_MODE = wholemodule;
				SWIFT_OPTIMIZATION_LEVEL = "-O";
				VALIDATE_PRODUCT = YES;
			};
			name = Release;
		};
		9508C26323EFDF200050017F /* Debug */ = {
			isa = XCBuildConfiguration;
			buildSettings = {
				ASSETCATALOG_COMPILER_APPICON_NAME = AppIcon;
				CODE_SIGN_STYLE = Automatic;
				DEVELOPMENT_TEAM = RUKEA88AF2;
				FRAMEWORK_SEARCH_PATHS = (
					"$(inherited)",
					"$(PROJECT_DIR)/Firebase/FirebaseAnalytics",
				);
				HEADER_SEARCH_PATHS = /Users/louismenacho/Desktop/TurnTune/Firebase/Header;
				INFOPLIST_FILE = TurnTune/Info.plist;
				LD_RUNPATH_SEARCH_PATHS = (
					"$(inherited)",
					"@executable_path/Frameworks",
				);
				OTHER_LDFLAGS = "-ObjC";
				PRODUCT_BUNDLE_IDENTIFIER = com.louismenacho.TurnTune;
				PRODUCT_NAME = "$(TARGET_NAME)";
				SWIFT_VERSION = 5.0;
				TARGETED_DEVICE_FAMILY = "1,2";
				USER_HEADER_SEARCH_PATHS = /Users/louismenacho/Desktop/TurnTune/Firebase/Header/module.modulemap;
			};
			name = Debug;
		};
		9508C26423EFDF200050017F /* Release */ = {
			isa = XCBuildConfiguration;
			buildSettings = {
				ASSETCATALOG_COMPILER_APPICON_NAME = AppIcon;
				CODE_SIGN_STYLE = Automatic;
				DEVELOPMENT_TEAM = RUKEA88AF2;
				FRAMEWORK_SEARCH_PATHS = (
					"$(inherited)",
					"$(PROJECT_DIR)/Firebase/FirebaseAnalytics",
				);
				HEADER_SEARCH_PATHS = /Users/louismenacho/Desktop/TurnTune/Firebase/Header;
				INFOPLIST_FILE = TurnTune/Info.plist;
				LD_RUNPATH_SEARCH_PATHS = (
					"$(inherited)",
					"@executable_path/Frameworks",
				);
				OTHER_LDFLAGS = "-ObjC";
				PRODUCT_BUNDLE_IDENTIFIER = com.louismenacho.TurnTune;
				PRODUCT_NAME = "$(TARGET_NAME)";
				SWIFT_VERSION = 5.0;
				TARGETED_DEVICE_FAMILY = "1,2";
				USER_HEADER_SEARCH_PATHS = /Users/louismenacho/Desktop/TurnTune/Firebase/Header/module.modulemap;
			};
			name = Release;
		};
		9508C26623EFDF200050017F /* Debug */ = {
			isa = XCBuildConfiguration;
			buildSettings = {
				ALWAYS_EMBED_SWIFT_STANDARD_LIBRARIES = YES;
				BUNDLE_LOADER = "$(TEST_HOST)";
				CODE_SIGN_STYLE = Automatic;
				DEVELOPMENT_TEAM = RUKEA88AF2;
				INFOPLIST_FILE = TurnTuneTests/Info.plist;
				IPHONEOS_DEPLOYMENT_TARGET = 13.2;
				LD_RUNPATH_SEARCH_PATHS = (
					"$(inherited)",
					"@executable_path/Frameworks",
					"@loader_path/Frameworks",
				);
				PRODUCT_BUNDLE_IDENTIFIER = com.louismenacho.TurnTuneTests;
				PRODUCT_NAME = "$(TARGET_NAME)";
				SWIFT_VERSION = 5.0;
				TARGETED_DEVICE_FAMILY = "1,2";
				TEST_HOST = "$(BUILT_PRODUCTS_DIR)/TurnTune.app/TurnTune";
			};
			name = Debug;
		};
		9508C26723EFDF200050017F /* Release */ = {
			isa = XCBuildConfiguration;
			buildSettings = {
				ALWAYS_EMBED_SWIFT_STANDARD_LIBRARIES = YES;
				BUNDLE_LOADER = "$(TEST_HOST)";
				CODE_SIGN_STYLE = Automatic;
				DEVELOPMENT_TEAM = RUKEA88AF2;
				INFOPLIST_FILE = TurnTuneTests/Info.plist;
				IPHONEOS_DEPLOYMENT_TARGET = 13.2;
				LD_RUNPATH_SEARCH_PATHS = (
					"$(inherited)",
					"@executable_path/Frameworks",
					"@loader_path/Frameworks",
				);
				PRODUCT_BUNDLE_IDENTIFIER = com.louismenacho.TurnTuneTests;
				PRODUCT_NAME = "$(TARGET_NAME)";
				SWIFT_VERSION = 5.0;
				TARGETED_DEVICE_FAMILY = "1,2";
				TEST_HOST = "$(BUILT_PRODUCTS_DIR)/TurnTune.app/TurnTune";
			};
			name = Release;
		};
		9508C26923EFDF200050017F /* Debug */ = {
			isa = XCBuildConfiguration;
			buildSettings = {
				ALWAYS_EMBED_SWIFT_STANDARD_LIBRARIES = YES;
				CODE_SIGN_STYLE = Automatic;
				DEVELOPMENT_TEAM = RUKEA88AF2;
				INFOPLIST_FILE = TurnTuneUITests/Info.plist;
				LD_RUNPATH_SEARCH_PATHS = (
					"$(inherited)",
					"@executable_path/Frameworks",
					"@loader_path/Frameworks",
				);
				PRODUCT_BUNDLE_IDENTIFIER = com.louismenacho.TurnTuneUITests;
				PRODUCT_NAME = "$(TARGET_NAME)";
				SWIFT_VERSION = 5.0;
				TARGETED_DEVICE_FAMILY = "1,2";
				TEST_TARGET_NAME = TurnTune;
			};
			name = Debug;
		};
		9508C26A23EFDF200050017F /* Release */ = {
			isa = XCBuildConfiguration;
			buildSettings = {
				ALWAYS_EMBED_SWIFT_STANDARD_LIBRARIES = YES;
				CODE_SIGN_STYLE = Automatic;
				DEVELOPMENT_TEAM = RUKEA88AF2;
				INFOPLIST_FILE = TurnTuneUITests/Info.plist;
				LD_RUNPATH_SEARCH_PATHS = (
					"$(inherited)",
					"@executable_path/Frameworks",
					"@loader_path/Frameworks",
				);
				PRODUCT_BUNDLE_IDENTIFIER = com.louismenacho.TurnTuneUITests;
				PRODUCT_NAME = "$(TARGET_NAME)";
				SWIFT_VERSION = 5.0;
				TARGETED_DEVICE_FAMILY = "1,2";
				TEST_TARGET_NAME = TurnTune;
			};
			name = Release;
		};
/* End XCBuildConfiguration section */

/* Begin XCConfigurationList section */
		9508C23323EFDF1A0050017F /* Build configuration list for PBXProject "TurnTune" */ = {
			isa = XCConfigurationList;
			buildConfigurations = (
				9508C26023EFDF200050017F /* Debug */,
				9508C26123EFDF200050017F /* Release */,
			);
			defaultConfigurationIsVisible = 0;
			defaultConfigurationName = Release;
		};
		9508C26223EFDF200050017F /* Build configuration list for PBXNativeTarget "TurnTune" */ = {
			isa = XCConfigurationList;
			buildConfigurations = (
				9508C26323EFDF200050017F /* Debug */,
				9508C26423EFDF200050017F /* Release */,
			);
			defaultConfigurationIsVisible = 0;
			defaultConfigurationName = Release;
		};
		9508C26523EFDF200050017F /* Build configuration list for PBXNativeTarget "TurnTuneTests" */ = {
			isa = XCConfigurationList;
			buildConfigurations = (
				9508C26623EFDF200050017F /* Debug */,
				9508C26723EFDF200050017F /* Release */,
			);
			defaultConfigurationIsVisible = 0;
			defaultConfigurationName = Release;
		};
		9508C26823EFDF200050017F /* Build configuration list for PBXNativeTarget "TurnTuneUITests" */ = {
			isa = XCConfigurationList;
			buildConfigurations = (
				9508C26923EFDF200050017F /* Debug */,
				9508C26A23EFDF200050017F /* Release */,
			);
			defaultConfigurationIsVisible = 0;
			defaultConfigurationName = Release;
		};
/* End XCConfigurationList section */
	};
	rootObject = 9508C23023EFDF1A0050017F /* Project object */;
}
