// !$*UTF8*$!
{
	archiveVersion = 1;
	classes = {
	};
	objectVersion = 51;
	objects = {

/* Begin PBXBuildFile section */
		354EF4B3F3E0740AA763217B /* Pods_TurnTune.framework in Frameworks */ = {isa = PBXBuildFile; fileRef = F7C02D4C2161B849860D3070 /* Pods_TurnTune.framework */; };
		9506EF6A2483491D009CDE78 /* APIEndpoint.swift in Sources */ = {isa = PBXBuildFile; fileRef = 9506EF692483491D009CDE78 /* APIEndpoint.swift */; };
		9506EF6C24834E53009CDE78 /* SpotifyAccountsService.swift in Sources */ = {isa = PBXBuildFile; fileRef = 9506EF6B24834E53009CDE78 /* SpotifyAccountsService.swift */; };
		9508C23C23EFDF1A0050017F /* AppDelegate.swift in Sources */ = {isa = PBXBuildFile; fileRef = 9508C23B23EFDF1A0050017F /* AppDelegate.swift */; };
		9508C23E23EFDF1B0050017F /* SceneDelegate.swift in Sources */ = {isa = PBXBuildFile; fileRef = 9508C23D23EFDF1B0050017F /* SceneDelegate.swift */; };
		9508C24023EFDF1B0050017F /* RoomCreatorViewController.swift in Sources */ = {isa = PBXBuildFile; fileRef = 9508C23F23EFDF1B0050017F /* RoomCreatorViewController.swift */; };
		9508C24323EFDF1B0050017F /* Main.storyboard in Resources */ = {isa = PBXBuildFile; fileRef = 9508C24123EFDF1B0050017F /* Main.storyboard */; };
		9508C24523EFDF1F0050017F /* Assets.xcassets in Resources */ = {isa = PBXBuildFile; fileRef = 9508C24423EFDF1F0050017F /* Assets.xcassets */; };
		9508C24823EFDF1F0050017F /* LaunchScreen.storyboard in Resources */ = {isa = PBXBuildFile; fileRef = 9508C24623EFDF1F0050017F /* LaunchScreen.storyboard */; };
		9508C25323EFDF200050017F /* TurnTuneTests.swift in Sources */ = {isa = PBXBuildFile; fileRef = 9508C25223EFDF200050017F /* TurnTuneTests.swift */; };
		9508C25E23EFDF200050017F /* TurnTuneUITests.swift in Sources */ = {isa = PBXBuildFile; fileRef = 9508C25D23EFDF200050017F /* TurnTuneUITests.swift */; };
		951701FD24875ED3002EEE35 /* EncoderError.swift in Sources */ = {isa = PBXBuildFile; fileRef = 951701FC24875ED3002EEE35 /* EncoderError.swift */; };
		9520BD1424823DFE0086DD02 /* HTTPMethod.swift in Sources */ = {isa = PBXBuildFile; fileRef = 9520BD1324823DFE0086DD02 /* HTTPMethod.swift */; };
		9520BD1824823E980086DD02 /* HTTPParameters.swift in Sources */ = {isa = PBXBuildFile; fileRef = 9520BD1724823E980086DD02 /* HTTPParameters.swift */; };
		9520BD1E2482B9870086DD02 /* HTTPHeaders.swift in Sources */ = {isa = PBXBuildFile; fileRef = 9520BD1D2482B9870086DD02 /* HTTPHeaders.swift */; };
		95464572249B2430003FCB5F /* HomeViewController.swift in Sources */ = {isa = PBXBuildFile; fileRef = 95464571249B2430003FCB5F /* HomeViewController.swift */; };
		95464574249B2E88003FCB5F /* PlayRoomViewController.swift in Sources */ = {isa = PBXBuildFile; fileRef = 95464573249B2E88003FCB5F /* PlayRoomViewController.swift */; };
		954E9AC72488BE21000AA66E /* NetworkManager.swift in Sources */ = {isa = PBXBuildFile; fileRef = 954E9AC62488BE21000AA66E /* NetworkManager.swift */; };
		955FC1502498917F00C52854 /* RoomInfo.swift in Sources */ = {isa = PBXBuildFile; fileRef = 955FC14F2498917F00C52854 /* RoomInfo.swift */; };
		955FC15224989C2200C52854 /* RoomCreatorViewModel.swift in Sources */ = {isa = PBXBuildFile; fileRef = 955FC15124989C2200C52854 /* RoomCreatorViewModel.swift */; };
		9566AB71249327C700CF3B3F /* SpotifyWebAPI.swift in Sources */ = {isa = PBXBuildFile; fileRef = 9566AB70249327C700CF3B3F /* SpotifyWebAPI.swift */; };
		956E6DB3249C539800664518 /* PlayRoom.swift in Sources */ = {isa = PBXBuildFile; fileRef = 956E6DB2249C539800664518 /* PlayRoom.swift */; };
		956E6DB5249C651A00664518 /* PlayRoomViewModel.swift in Sources */ = {isa = PBXBuildFile; fileRef = 956E6DB4249C651900664518 /* PlayRoomViewModel.swift */; };
		956E6DB8249E43A800664518 /* Token.swift in Sources */ = {isa = PBXBuildFile; fileRef = 956E6DB7249E43A800664518 /* Token.swift */; };
		9570FD6F24930FDA0045FF69 /* SpotifyTokenSwap.swift in Sources */ = {isa = PBXBuildFile; fileRef = 9570FD6E24930FDA0045FF69 /* SpotifyTokenSwap.swift */; };
		9572A17F2483594C009C7EE8 /* HTTPHeaderValue.swift in Sources */ = {isa = PBXBuildFile; fileRef = 9572A17E2483594C009C7EE8 /* HTTPHeaderValue.swift */; };
		9572A18124835F1A009C7EE8 /* HTTPHeaderField.swift in Sources */ = {isa = PBXBuildFile; fileRef = 9572A18024835F1A009C7EE8 /* HTTPHeaderField.swift */; };
		958063BB249EBD3D00514688 /* UserProfile.swift in Sources */ = {isa = PBXBuildFile; fileRef = 958063BA249EBD3D00514688 /* UserProfile.swift */; };
		958063BD249EC41F00514688 /* Playlist.swift in Sources */ = {isa = PBXBuildFile; fileRef = 958063BC249EC41F00514688 /* Playlist.swift */; };
		958063BF249EC4CA00514688 /* Paging.swift in Sources */ = {isa = PBXBuildFile; fileRef = 958063BE249EC4CA00514688 /* Paging.swift */; };
		958063C1249EC50200514688 /* Track.swift in Sources */ = {isa = PBXBuildFile; fileRef = 958063C0249EC50200514688 /* Track.swift */; };
		958063C3249EC60F00514688 /* Album.swift in Sources */ = {isa = PBXBuildFile; fileRef = 958063C2249EC60F00514688 /* Album.swift */; };
		958063C5249EC61F00514688 /* Artist.swift in Sources */ = {isa = PBXBuildFile; fileRef = 958063C4249EC61F00514688 /* Artist.swift */; };
		958063C7249FA06D00514688 /* GoogleService-Info.plist in Resources */ = {isa = PBXBuildFile; fileRef = 958063C6249FA06D00514688 /* GoogleService-Info.plist */; };
		958347B924B438D60066ACD3 /* HomeViewModel.swift in Sources */ = {isa = PBXBuildFile; fileRef = 958347B824B438D60066ACD3 /* HomeViewModel.swift */; };
		95AEC939248C052200105F73 /* HTTPResponse.swift in Sources */ = {isa = PBXBuildFile; fileRef = 95AEC938248C052200105F73 /* HTTPResponse.swift */; };
		95C008702482FAC800A8626A /* JSONParameterEncoder.swift in Sources */ = {isa = PBXBuildFile; fileRef = 95C0086F2482FAC800A8626A /* JSONParameterEncoder.swift */; };
		95C008722482FDEA00A8626A /* URLParameterEncoder.swift in Sources */ = {isa = PBXBuildFile; fileRef = 95C008712482FDEA00A8626A /* URLParameterEncoder.swift */; };
		95C008742483047200A8626A /* QueryParameterEncoder.swift in Sources */ = {isa = PBXBuildFile; fileRef = 95C008732483047200A8626A /* QueryParameterEncoder.swift */; };
		95F529F424838B8B00263F02 /* HTTPRouter.swift in Sources */ = {isa = PBXBuildFile; fileRef = 95F529F324838B8B00263F02 /* HTTPRouter.swift */; };
		95F529F6248402EE00263F02 /* HTTPError.swift in Sources */ = {isa = PBXBuildFile; fileRef = 95F529F5248402EE00263F02 /* HTTPError.swift */; };
		B7FE357F03ABCF0B84EF9CC4 /* Pods_TurnTuneTests.framework in Frameworks */ = {isa = PBXBuildFile; fileRef = A21832A61A94E25D947DD352 /* Pods_TurnTuneTests.framework */; };
		F52E4D928C8E8AC2A8CA3AEB /* Pods_TurnTune_TurnTuneUITests.framework in Frameworks */ = {isa = PBXBuildFile; fileRef = DD5B784BCAC42731E3A3C3E1 /* Pods_TurnTune_TurnTuneUITests.framework */; };
/* End PBXBuildFile section */

/* Begin PBXContainerItemProxy section */
		9508C24F23EFDF200050017F /* PBXContainerItemProxy */ = {
			isa = PBXContainerItemProxy;
			containerPortal = 9508C23023EFDF1A0050017F /* Project object */;
			proxyType = 1;
			remoteGlobalIDString = 9508C23723EFDF1A0050017F;
			remoteInfo = TurnTune;
		};
		9508C25A23EFDF200050017F /* PBXContainerItemProxy */ = {
			isa = PBXContainerItemProxy;
			containerPortal = 9508C23023EFDF1A0050017F /* Project object */;
			proxyType = 1;
			remoteGlobalIDString = 9508C23723EFDF1A0050017F;
			remoteInfo = TurnTune;
		};
/* End PBXContainerItemProxy section */

/* Begin PBXFileReference section */
		37691A7B5FE2A72814F3A2CF /* Pods-TurnTune-TurnTuneUITests.debug.xcconfig */ = {isa = PBXFileReference; includeInIndex = 1; lastKnownFileType = text.xcconfig; name = "Pods-TurnTune-TurnTuneUITests.debug.xcconfig"; path = "Target Support Files/Pods-TurnTune-TurnTuneUITests/Pods-TurnTune-TurnTuneUITests.debug.xcconfig"; sourceTree = "<group>"; };
		4266E3537D27DE2155028C76 /* Pods-TurnTuneTests.release.xcconfig */ = {isa = PBXFileReference; includeInIndex = 1; lastKnownFileType = text.xcconfig; name = "Pods-TurnTuneTests.release.xcconfig"; path = "Target Support Files/Pods-TurnTuneTests/Pods-TurnTuneTests.release.xcconfig"; sourceTree = "<group>"; };
		6B8C60E5661CB1604CBA7C91 /* Pods-TurnTune.release.xcconfig */ = {isa = PBXFileReference; includeInIndex = 1; lastKnownFileType = text.xcconfig; name = "Pods-TurnTune.release.xcconfig"; path = "Target Support Files/Pods-TurnTune/Pods-TurnTune.release.xcconfig"; sourceTree = "<group>"; };
		8767E52A80D9A1801F79AE11 /* Pods-TurnTune.debug.xcconfig */ = {isa = PBXFileReference; includeInIndex = 1; lastKnownFileType = text.xcconfig; name = "Pods-TurnTune.debug.xcconfig"; path = "Target Support Files/Pods-TurnTune/Pods-TurnTune.debug.xcconfig"; sourceTree = "<group>"; };
		9506EF692483491D009CDE78 /* APIEndpoint.swift */ = {isa = PBXFileReference; lastKnownFileType = sourcecode.swift; path = APIEndpoint.swift; sourceTree = "<group>"; };
		9506EF6B24834E53009CDE78 /* SpotifyAccountsService.swift */ = {isa = PBXFileReference; lastKnownFileType = sourcecode.swift; path = SpotifyAccountsService.swift; sourceTree = "<group>"; };
		9508C23823EFDF1A0050017F /* TurnTune.app */ = {isa = PBXFileReference; explicitFileType = wrapper.application; includeInIndex = 0; path = TurnTune.app; sourceTree = BUILT_PRODUCTS_DIR; };
		9508C23B23EFDF1A0050017F /* AppDelegate.swift */ = {isa = PBXFileReference; lastKnownFileType = sourcecode.swift; path = AppDelegate.swift; sourceTree = "<group>"; };
		9508C23D23EFDF1B0050017F /* SceneDelegate.swift */ = {isa = PBXFileReference; lastKnownFileType = sourcecode.swift; path = SceneDelegate.swift; sourceTree = "<group>"; };
		9508C23F23EFDF1B0050017F /* RoomCreatorViewController.swift */ = {isa = PBXFileReference; lastKnownFileType = sourcecode.swift; path = RoomCreatorViewController.swift; sourceTree = "<group>"; };
		9508C24223EFDF1B0050017F /* Base */ = {isa = PBXFileReference; lastKnownFileType = file.storyboard; name = Base; path = Base.lproj/Main.storyboard; sourceTree = "<group>"; };
		9508C24423EFDF1F0050017F /* Assets.xcassets */ = {isa = PBXFileReference; lastKnownFileType = folder.assetcatalog; path = Assets.xcassets; sourceTree = "<group>"; };
		9508C24723EFDF1F0050017F /* Base */ = {isa = PBXFileReference; lastKnownFileType = file.storyboard; name = Base; path = Base.lproj/LaunchScreen.storyboard; sourceTree = "<group>"; };
		9508C24923EFDF1F0050017F /* Info.plist */ = {isa = PBXFileReference; lastKnownFileType = text.plist.xml; path = Info.plist; sourceTree = "<group>"; };
		9508C24E23EFDF200050017F /* TurnTuneTests.xctest */ = {isa = PBXFileReference; explicitFileType = wrapper.cfbundle; includeInIndex = 0; path = TurnTuneTests.xctest; sourceTree = BUILT_PRODUCTS_DIR; };
		9508C25223EFDF200050017F /* TurnTuneTests.swift */ = {isa = PBXFileReference; lastKnownFileType = sourcecode.swift; path = TurnTuneTests.swift; sourceTree = "<group>"; };
		9508C25423EFDF200050017F /* Info.plist */ = {isa = PBXFileReference; lastKnownFileType = text.plist.xml; path = Info.plist; sourceTree = "<group>"; };
		9508C25923EFDF200050017F /* TurnTuneUITests.xctest */ = {isa = PBXFileReference; explicitFileType = wrapper.cfbundle; includeInIndex = 0; path = TurnTuneUITests.xctest; sourceTree = BUILT_PRODUCTS_DIR; };
		9508C25D23EFDF200050017F /* TurnTuneUITests.swift */ = {isa = PBXFileReference; lastKnownFileType = sourcecode.swift; path = TurnTuneUITests.swift; sourceTree = "<group>"; };
		9508C25F23EFDF200050017F /* Info.plist */ = {isa = PBXFileReference; lastKnownFileType = text.plist.xml; path = Info.plist; sourceTree = "<group>"; };
		951701FC24875ED3002EEE35 /* EncoderError.swift */ = {isa = PBXFileReference; lastKnownFileType = sourcecode.swift; path = EncoderError.swift; sourceTree = "<group>"; };
		9520BD1324823DFE0086DD02 /* HTTPMethod.swift */ = {isa = PBXFileReference; lastKnownFileType = sourcecode.swift; path = HTTPMethod.swift; sourceTree = "<group>"; };
		9520BD1724823E980086DD02 /* HTTPParameters.swift */ = {isa = PBXFileReference; lastKnownFileType = sourcecode.swift; path = HTTPParameters.swift; sourceTree = "<group>"; };
		9520BD1D2482B9870086DD02 /* HTTPHeaders.swift */ = {isa = PBXFileReference; lastKnownFileType = sourcecode.swift; path = HTTPHeaders.swift; sourceTree = "<group>"; };
		95464571249B2430003FCB5F /* HomeViewController.swift */ = {isa = PBXFileReference; lastKnownFileType = sourcecode.swift; path = HomeViewController.swift; sourceTree = "<group>"; };
		95464573249B2E88003FCB5F /* PlayRoomViewController.swift */ = {isa = PBXFileReference; lastKnownFileType = sourcecode.swift; path = PlayRoomViewController.swift; sourceTree = "<group>"; };
		954E9AC62488BE21000AA66E /* NetworkManager.swift */ = {isa = PBXFileReference; lastKnownFileType = sourcecode.swift; path = NetworkManager.swift; sourceTree = "<group>"; };
		955FC14F2498917F00C52854 /* RoomInfo.swift */ = {isa = PBXFileReference; lastKnownFileType = sourcecode.swift; path = RoomInfo.swift; sourceTree = "<group>"; };
		955FC15124989C2200C52854 /* RoomCreatorViewModel.swift */ = {isa = PBXFileReference; lastKnownFileType = sourcecode.swift; path = RoomCreatorViewModel.swift; sourceTree = "<group>"; };
		9566AB70249327C700CF3B3F /* SpotifyWebAPI.swift */ = {isa = PBXFileReference; lastKnownFileType = sourcecode.swift; path = SpotifyWebAPI.swift; sourceTree = "<group>"; };
		956E6DB2249C539800664518 /* PlayRoom.swift */ = {isa = PBXFileReference; lastKnownFileType = sourcecode.swift; path = PlayRoom.swift; sourceTree = "<group>"; };
		956E6DB4249C651900664518 /* PlayRoomViewModel.swift */ = {isa = PBXFileReference; lastKnownFileType = sourcecode.swift; path = PlayRoomViewModel.swift; sourceTree = "<group>"; };
		956E6DB7249E43A800664518 /* Token.swift */ = {isa = PBXFileReference; lastKnownFileType = sourcecode.swift; path = Token.swift; sourceTree = "<group>"; };
		9570FD6E24930FDA0045FF69 /* SpotifyTokenSwap.swift */ = {isa = PBXFileReference; lastKnownFileType = sourcecode.swift; path = SpotifyTokenSwap.swift; sourceTree = "<group>"; };
		9572A17E2483594C009C7EE8 /* HTTPHeaderValue.swift */ = {isa = PBXFileReference; lastKnownFileType = sourcecode.swift; path = HTTPHeaderValue.swift; sourceTree = "<group>"; };
		9572A18024835F1A009C7EE8 /* HTTPHeaderField.swift */ = {isa = PBXFileReference; lastKnownFileType = sourcecode.swift; path = HTTPHeaderField.swift; sourceTree = "<group>"; };
		958063BA249EBD3D00514688 /* UserProfile.swift */ = {isa = PBXFileReference; lastKnownFileType = sourcecode.swift; path = UserProfile.swift; sourceTree = "<group>"; };
		958063BC249EC41F00514688 /* Playlist.swift */ = {isa = PBXFileReference; lastKnownFileType = sourcecode.swift; path = Playlist.swift; sourceTree = "<group>"; };
		958063BE249EC4CA00514688 /* Paging.swift */ = {isa = PBXFileReference; lastKnownFileType = sourcecode.swift; path = Paging.swift; sourceTree = "<group>"; };
		958063C0249EC50200514688 /* Track.swift */ = {isa = PBXFileReference; lastKnownFileType = sourcecode.swift; path = Track.swift; sourceTree = "<group>"; };
		958063C2249EC60F00514688 /* Album.swift */ = {isa = PBXFileReference; lastKnownFileType = sourcecode.swift; path = Album.swift; sourceTree = "<group>"; };
		958063C4249EC61F00514688 /* Artist.swift */ = {isa = PBXFileReference; lastKnownFileType = sourcecode.swift; path = Artist.swift; sourceTree = "<group>"; };
		958063C6249FA06D00514688 /* GoogleService-Info.plist */ = {isa = PBXFileReference; fileEncoding = 4; lastKnownFileType = text.plist.xml; path = "GoogleService-Info.plist"; sourceTree = "<group>"; };
		958347B824B438D60066ACD3 /* HomeViewModel.swift */ = {isa = PBXFileReference; lastKnownFileType = sourcecode.swift; path = HomeViewModel.swift; sourceTree = "<group>"; };
		95AEC938248C052200105F73 /* HTTPResponse.swift */ = {isa = PBXFileReference; lastKnownFileType = sourcecode.swift; path = HTTPResponse.swift; sourceTree = "<group>"; };
		95C0086F2482FAC800A8626A /* JSONParameterEncoder.swift */ = {isa = PBXFileReference; lastKnownFileType = sourcecode.swift; path = JSONParameterEncoder.swift; sourceTree = "<group>"; };
		95C008712482FDEA00A8626A /* URLParameterEncoder.swift */ = {isa = PBXFileReference; lastKnownFileType = sourcecode.swift; path = URLParameterEncoder.swift; sourceTree = "<group>"; };
		95C008732483047200A8626A /* QueryParameterEncoder.swift */ = {isa = PBXFileReference; lastKnownFileType = sourcecode.swift; path = QueryParameterEncoder.swift; sourceTree = "<group>"; };
		95F529F324838B8B00263F02 /* HTTPRouter.swift */ = {isa = PBXFileReference; lastKnownFileType = sourcecode.swift; path = HTTPRouter.swift; sourceTree = "<group>"; };
		95F529F5248402EE00263F02 /* HTTPError.swift */ = {isa = PBXFileReference; lastKnownFileType = sourcecode.swift; path = HTTPError.swift; sourceTree = "<group>"; };
		9639C82515C53654C3C66D2B /* Pods-TurnTuneTests.debug.xcconfig */ = {isa = PBXFileReference; includeInIndex = 1; lastKnownFileType = text.xcconfig; name = "Pods-TurnTuneTests.debug.xcconfig"; path = "Target Support Files/Pods-TurnTuneTests/Pods-TurnTuneTests.debug.xcconfig"; sourceTree = "<group>"; };
		A21832A61A94E25D947DD352 /* Pods_TurnTuneTests.framework */ = {isa = PBXFileReference; explicitFileType = wrapper.framework; includeInIndex = 0; path = Pods_TurnTuneTests.framework; sourceTree = BUILT_PRODUCTS_DIR; };
		DD5B784BCAC42731E3A3C3E1 /* Pods_TurnTune_TurnTuneUITests.framework */ = {isa = PBXFileReference; explicitFileType = wrapper.framework; includeInIndex = 0; path = Pods_TurnTune_TurnTuneUITests.framework; sourceTree = BUILT_PRODUCTS_DIR; };
		F3791D433FD7C4E131099AEC /* Pods-TurnTune-TurnTuneUITests.release.xcconfig */ = {isa = PBXFileReference; includeInIndex = 1; lastKnownFileType = text.xcconfig; name = "Pods-TurnTune-TurnTuneUITests.release.xcconfig"; path = "Target Support Files/Pods-TurnTune-TurnTuneUITests/Pods-TurnTune-TurnTuneUITests.release.xcconfig"; sourceTree = "<group>"; };
		F7C02D4C2161B849860D3070 /* Pods_TurnTune.framework */ = {isa = PBXFileReference; explicitFileType = wrapper.framework; includeInIndex = 0; path = Pods_TurnTune.framework; sourceTree = BUILT_PRODUCTS_DIR; };
/* End PBXFileReference section */

/* Begin PBXFrameworksBuildPhase section */
		9508C23523EFDF1A0050017F /* Frameworks */ = {
			isa = PBXFrameworksBuildPhase;
			buildActionMask = 2147483647;
			files = (
				354EF4B3F3E0740AA763217B /* Pods_TurnTune.framework in Frameworks */,
			);
			runOnlyForDeploymentPostprocessing = 0;
		};
		9508C24B23EFDF200050017F /* Frameworks */ = {
			isa = PBXFrameworksBuildPhase;
			buildActionMask = 2147483647;
			files = (
				B7FE357F03ABCF0B84EF9CC4 /* Pods_TurnTuneTests.framework in Frameworks */,
			);
			runOnlyForDeploymentPostprocessing = 0;
		};
		9508C25623EFDF200050017F /* Frameworks */ = {
			isa = PBXFrameworksBuildPhase;
			buildActionMask = 2147483647;
			files = (
				F52E4D928C8E8AC2A8CA3AEB /* Pods_TurnTune_TurnTuneUITests.framework in Frameworks */,
			);
			runOnlyForDeploymentPostprocessing = 0;
		};
/* End PBXFrameworksBuildPhase section */

/* Begin PBXGroup section */
		0D451FB5A4303758A4F90485 /* Pods */ = {
			isa = PBXGroup;
			children = (
				8767E52A80D9A1801F79AE11 /* Pods-TurnTune.debug.xcconfig */,
				6B8C60E5661CB1604CBA7C91 /* Pods-TurnTune.release.xcconfig */,
				37691A7B5FE2A72814F3A2CF /* Pods-TurnTune-TurnTuneUITests.debug.xcconfig */,
				F3791D433FD7C4E131099AEC /* Pods-TurnTune-TurnTuneUITests.release.xcconfig */,
				9639C82515C53654C3C66D2B /* Pods-TurnTuneTests.debug.xcconfig */,
				4266E3537D27DE2155028C76 /* Pods-TurnTuneTests.release.xcconfig */,
			);
			path = Pods;
			sourceTree = "<group>";
		};
		678A971C506E0DEB8ABAB1E2 /* Frameworks */ = {
			isa = PBXGroup;
			children = (
				F7C02D4C2161B849860D3070 /* Pods_TurnTune.framework */,
				DD5B784BCAC42731E3A3C3E1 /* Pods_TurnTune_TurnTuneUITests.framework */,
				A21832A61A94E25D947DD352 /* Pods_TurnTuneTests.framework */,
			);
			name = Frameworks;
			sourceTree = "<group>";
		};
		9508C22F23EFDF1A0050017F = {
			isa = PBXGroup;
			children = (
				9508C23A23EFDF1A0050017F /* TurnTune */,
				9508C25123EFDF200050017F /* TurnTuneTests */,
				9508C25C23EFDF200050017F /* TurnTuneUITests */,
				9508C23923EFDF1A0050017F /* Products */,
				0D451FB5A4303758A4F90485 /* Pods */,
				678A971C506E0DEB8ABAB1E2 /* Frameworks */,
			);
			sourceTree = "<group>";
		};
		9508C23923EFDF1A0050017F /* Products */ = {
			isa = PBXGroup;
			children = (
				9508C23823EFDF1A0050017F /* TurnTune.app */,
				9508C24E23EFDF200050017F /* TurnTuneTests.xctest */,
				9508C25923EFDF200050017F /* TurnTuneUITests.xctest */,
			);
			name = Products;
			sourceTree = "<group>";
		};
		9508C23A23EFDF1A0050017F /* TurnTune */ = {
			isa = PBXGroup;
			children = (
				9520BD0C24823C340086DD02 /* Application */,
				9520BD0B24823BE50086DD02 /* Model */,
				9520BD0A24823BE10086DD02 /* View */,
				9574700824988B2E0094A171 /* ViewModel */,
				9520BD0924823BDC0086DD02 /* Controller */,
				9520BD0824823BD90086DD02 /* Network */,
				9508C24423EFDF1F0050017F /* Assets.xcassets */,
				9508C24923EFDF1F0050017F /* Info.plist */,
				958063C6249FA06D00514688 /* GoogleService-Info.plist */,
			);
			path = TurnTune;
			sourceTree = "<group>";
		};
		9508C25123EFDF200050017F /* TurnTuneTests */ = {
			isa = PBXGroup;
			children = (
				9508C25223EFDF200050017F /* TurnTuneTests.swift */,
				9508C25423EFDF200050017F /* Info.plist */,
			);
			path = TurnTuneTests;
			sourceTree = "<group>";
		};
		9508C25C23EFDF200050017F /* TurnTuneUITests */ = {
			isa = PBXGroup;
			children = (
				9508C25D23EFDF200050017F /* TurnTuneUITests.swift */,
				9508C25F23EFDF200050017F /* Info.plist */,
			);
			path = TurnTuneUITests;
			sourceTree = "<group>";
		};
		9520BD0824823BD90086DD02 /* Network */ = {
			isa = PBXGroup;
			children = (
				956E6DB6249E40C400664518 /* DataModel */,
				9520BD1024823CBA0086DD02 /* Endpoint */,
				954E9AC52488BDFF000AA66E /* Manager */,
				9520BD0E24823CB50086DD02 /* Service */,
				9520BD0D24823CA80086DD02 /* Encoding */,
			);
			path = Network;
			sourceTree = "<group>";
		};
		9520BD0924823BDC0086DD02 /* Controller */ = {
			isa = PBXGroup;
			children = (
				95464571249B2430003FCB5F /* HomeViewController.swift */,
				9508C23F23EFDF1B0050017F /* RoomCreatorViewController.swift */,
				95464573249B2E88003FCB5F /* PlayRoomViewController.swift */,
			);
			path = Controller;
			sourceTree = "<group>";
		};
		9520BD0A24823BE10086DD02 /* View */ = {
			isa = PBXGroup;
			children = (
				9508C24623EFDF1F0050017F /* LaunchScreen.storyboard */,
				9508C24123EFDF1B0050017F /* Main.storyboard */,
			);
			path = View;
			sourceTree = "<group>";
		};
		9520BD0B24823BE50086DD02 /* Model */ = {
			isa = PBXGroup;
			children = (
				955FC14F2498917F00C52854 /* RoomInfo.swift */,
				956E6DB2249C539800664518 /* PlayRoom.swift */,
			);
			path = Model;
			sourceTree = "<group>";
		};
		9520BD0C24823C340086DD02 /* Application */ = {
			isa = PBXGroup;
			children = (
				9508C23B23EFDF1A0050017F /* AppDelegate.swift */,
				9508C23D23EFDF1B0050017F /* SceneDelegate.swift */,
			);
			path = Application;
			sourceTree = "<group>";
		};
		9520BD0D24823CA80086DD02 /* Encoding */ = {
			isa = PBXGroup;
			children = (
				95C0086F2482FAC800A8626A /* JSONParameterEncoder.swift */,
				95C008712482FDEA00A8626A /* URLParameterEncoder.swift */,
				95C008732483047200A8626A /* QueryParameterEncoder.swift */,
				951701FC24875ED3002EEE35 /* EncoderError.swift */,
			);
			path = Encoding;
			sourceTree = "<group>";
		};
		9520BD0E24823CB50086DD02 /* Service */ = {
			isa = PBXGroup;
			children = (
				95F529F324838B8B00263F02 /* HTTPRouter.swift */,
				95AEC938248C052200105F73 /* HTTPResponse.swift */,
				9520BD1324823DFE0086DD02 /* HTTPMethod.swift */,
				9520BD1D2482B9870086DD02 /* HTTPHeaders.swift */,
				9520BD1724823E980086DD02 /* HTTPParameters.swift */,
				9572A18024835F1A009C7EE8 /* HTTPHeaderField.swift */,
				9572A17E2483594C009C7EE8 /* HTTPHeaderValue.swift */,
				95F529F5248402EE00263F02 /* HTTPError.swift */,
			);
			path = Service;
			sourceTree = "<group>";
		};
		9520BD1024823CBA0086DD02 /* Endpoint */ = {
			isa = PBXGroup;
			children = (
				9506EF692483491D009CDE78 /* APIEndpoint.swift */,
				9506EF6B24834E53009CDE78 /* SpotifyAccountsService.swift */,
				9570FD6E24930FDA0045FF69 /* SpotifyTokenSwap.swift */,
				9566AB70249327C700CF3B3F /* SpotifyWebAPI.swift */,
			);
			path = Endpoint;
			sourceTree = "<group>";
		};
		954E9AC52488BDFF000AA66E /* Manager */ = {
			isa = PBXGroup;
			children = (
				954E9AC62488BE21000AA66E /* NetworkManager.swift */,
			);
			path = Manager;
			sourceTree = "<group>";
		};
		956E6DB6249E40C400664518 /* DataModel */ = {
			isa = PBXGroup;
			children = (
				956E6DB9249E43EE00664518 /* SpotifyTokenSwap */,
				958063B9249EBCCB00514688 /* SpotifyWebAPI */,
			);
			path = DataModel;
			sourceTree = "<group>";
		};
		956E6DB9249E43EE00664518 /* SpotifyTokenSwap */ = {
			isa = PBXGroup;
			children = (
				956E6DB7249E43A800664518 /* Token.swift */,
			);
			path = SpotifyTokenSwap;
			sourceTree = "<group>";
		};
		9574700824988B2E0094A171 /* ViewModel */ = {
			isa = PBXGroup;
			children = (
				958347B824B438D60066ACD3 /* HomeViewModel.swift */,
				955FC15124989C2200C52854 /* RoomCreatorViewModel.swift */,
				956E6DB4249C651900664518 /* PlayRoomViewModel.swift */,
			);
			path = ViewModel;
			sourceTree = "<group>";
		};
		958063B9249EBCCB00514688 /* SpotifyWebAPI */ = {
			isa = PBXGroup;
			children = (
				958063BA249EBD3D00514688 /* UserProfile.swift */,
				958063BC249EC41F00514688 /* Playlist.swift */,
				958063BE249EC4CA00514688 /* Paging.swift */,
				958063C0249EC50200514688 /* Track.swift */,
				958063C2249EC60F00514688 /* Album.swift */,
				958063C4249EC61F00514688 /* Artist.swift */,
			);
			path = SpotifyWebAPI;
			sourceTree = "<group>";
		};
/* End PBXGroup section */

/* Begin PBXNativeTarget section */
		9508C23723EFDF1A0050017F /* TurnTune */ = {
			isa = PBXNativeTarget;
			buildConfigurationList = 9508C26223EFDF200050017F /* Build configuration list for PBXNativeTarget "TurnTune" */;
			buildPhases = (
				D950753A9BFEF9646C6DB671 /* [CP] Check Pods Manifest.lock */,
				9508C23423EFDF1A0050017F /* Sources */,
				9508C23523EFDF1A0050017F /* Frameworks */,
				9508C23623EFDF1A0050017F /* Resources */,
				7E65BC0206831EB9DEF4E764 /* [CP] Embed Pods Frameworks */,
			);
			buildRules = (
			);
			dependencies = (
			);
			name = TurnTune;
			productName = TurnTune;
			productReference = 9508C23823EFDF1A0050017F /* TurnTune.app */;
			productType = "com.apple.product-type.application";
		};
		9508C24D23EFDF200050017F /* TurnTuneTests */ = {
			isa = PBXNativeTarget;
			buildConfigurationList = 9508C26523EFDF200050017F /* Build configuration list for PBXNativeTarget "TurnTuneTests" */;
			buildPhases = (
				DE7C26A93DF991E427F00B4A /* [CP] Check Pods Manifest.lock */,
				9508C24A23EFDF200050017F /* Sources */,
				9508C24B23EFDF200050017F /* Frameworks */,
				9508C24C23EFDF200050017F /* Resources */,
			);
			buildRules = (
			);
			dependencies = (
				9508C25023EFDF200050017F /* PBXTargetDependency */,
			);
			name = TurnTuneTests;
			productName = TurnTuneTests;
			productReference = 9508C24E23EFDF200050017F /* TurnTuneTests.xctest */;
			productType = "com.apple.product-type.bundle.unit-test";
		};
		9508C25823EFDF200050017F /* TurnTuneUITests */ = {
			isa = PBXNativeTarget;
			buildConfigurationList = 9508C26823EFDF200050017F /* Build configuration list for PBXNativeTarget "TurnTuneUITests" */;
			buildPhases = (
				A6CC88EE3310D3B2FEEA59D3 /* [CP] Check Pods Manifest.lock */,
				9508C25523EFDF200050017F /* Sources */,
				9508C25623EFDF200050017F /* Frameworks */,
				9508C25723EFDF200050017F /* Resources */,
				8F95984C5002D6D9D4DE3224 /* [CP] Embed Pods Frameworks */,
			);
			buildRules = (
			);
			dependencies = (
				9508C25B23EFDF200050017F /* PBXTargetDependency */,
			);
			name = TurnTuneUITests;
			productName = TurnTuneUITests;
			productReference = 9508C25923EFDF200050017F /* TurnTuneUITests.xctest */;
			productType = "com.apple.product-type.bundle.ui-testing";
		};
/* End PBXNativeTarget section */

/* Begin PBXProject section */
		9508C23023EFDF1A0050017F /* Project object */ = {
			isa = PBXProject;
			attributes = {
				LastSwiftUpdateCheck = 1130;
				LastUpgradeCheck = 1130;
				ORGANIZATIONNAME = "Louis Menacho";
				TargetAttributes = {
					9508C23723EFDF1A0050017F = {
						CreatedOnToolsVersion = 11.3.1;
					};
					9508C24D23EFDF200050017F = {
						CreatedOnToolsVersion = 11.3.1;
						TestTargetID = 9508C23723EFDF1A0050017F;
					};
					9508C25823EFDF200050017F = {
						CreatedOnToolsVersion = 11.3.1;
						TestTargetID = 9508C23723EFDF1A0050017F;
					};
				};
			};
			buildConfigurationList = 9508C23323EFDF1A0050017F /* Build configuration list for PBXProject "TurnTune" */;
			compatibilityVersion = "Xcode 9.3";
			developmentRegion = en;
			hasScannedForEncodings = 0;
			knownRegions = (
				en,
				Base,
			);
			mainGroup = 9508C22F23EFDF1A0050017F;
			productRefGroup = 9508C23923EFDF1A0050017F /* Products */;
			projectDirPath = "";
			projectRoot = "";
			targets = (
				9508C23723EFDF1A0050017F /* TurnTune */,
				9508C24D23EFDF200050017F /* TurnTuneTests */,
				9508C25823EFDF200050017F /* TurnTuneUITests */,
			);
		};
/* End PBXProject section */

/* Begin PBXResourcesBuildPhase section */
		9508C23623EFDF1A0050017F /* Resources */ = {
			isa = PBXResourcesBuildPhase;
			buildActionMask = 2147483647;
			files = (
				9508C24823EFDF1F0050017F /* LaunchScreen.storyboard in Resources */,
				958063C7249FA06D00514688 /* GoogleService-Info.plist in Resources */,
				9508C24523EFDF1F0050017F /* Assets.xcassets in Resources */,
				9508C24323EFDF1B0050017F /* Main.storyboard in Resources */,
			);
			runOnlyForDeploymentPostprocessing = 0;
		};
		9508C24C23EFDF200050017F /* Resources */ = {
			isa = PBXResourcesBuildPhase;
			buildActionMask = 2147483647;
			files = (
			);
			runOnlyForDeploymentPostprocessing = 0;
		};
		9508C25723EFDF200050017F /* Resources */ = {
			isa = PBXResourcesBuildPhase;
			buildActionMask = 2147483647;
			files = (
			);
			runOnlyForDeploymentPostprocessing = 0;
		};
/* End PBXResourcesBuildPhase section */

/* Begin PBXShellScriptBuildPhase section */
		7E65BC0206831EB9DEF4E764 /* [CP] Embed Pods Frameworks */ = {
			isa = PBXShellScriptBuildPhase;
			buildActionMask = 2147483647;
			files = (
			);
			inputFileListPaths = (
				"${PODS_ROOT}/Target Support Files/Pods-TurnTune/Pods-TurnTune-frameworks-${CONFIGURATION}-input-files.xcfilelist",
			);
			name = "[CP] Embed Pods Frameworks";
			outputFileListPaths = (
				"${PODS_ROOT}/Target Support Files/Pods-TurnTune/Pods-TurnTune-frameworks-${CONFIGURATION}-output-files.xcfilelist",
			);
			runOnlyForDeploymentPostprocessing = 0;
			shellPath = /bin/sh;
			shellScript = "\"${PODS_ROOT}/Target Support Files/Pods-TurnTune/Pods-TurnTune-frameworks.sh\"\n";
			showEnvVarsInLog = 0;
		};
		8F95984C5002D6D9D4DE3224 /* [CP] Embed Pods Frameworks */ = {
			isa = PBXShellScriptBuildPhase;
			buildActionMask = 2147483647;
			files = (
			);
			inputFileListPaths = (
				"${PODS_ROOT}/Target Support Files/Pods-TurnTune-TurnTuneUITests/Pods-TurnTune-TurnTuneUITests-frameworks-${CONFIGURATION}-input-files.xcfilelist",
			);
			name = "[CP] Embed Pods Frameworks";
			outputFileListPaths = (
				"${PODS_ROOT}/Target Support Files/Pods-TurnTune-TurnTuneUITests/Pods-TurnTune-TurnTuneUITests-frameworks-${CONFIGURATION}-output-files.xcfilelist",
			);
			runOnlyForDeploymentPostprocessing = 0;
			shellPath = /bin/sh;
			shellScript = "\"${PODS_ROOT}/Target Support Files/Pods-TurnTune-TurnTuneUITests/Pods-TurnTune-TurnTuneUITests-frameworks.sh\"\n";
			showEnvVarsInLog = 0;
		};
		A6CC88EE3310D3B2FEEA59D3 /* [CP] Check Pods Manifest.lock */ = {
			isa = PBXShellScriptBuildPhase;
			buildActionMask = 2147483647;
			files = (
			);
			inputFileListPaths = (
			);
			inputPaths = (
				"${PODS_PODFILE_DIR_PATH}/Podfile.lock",
				"${PODS_ROOT}/Manifest.lock",
			);
			name = "[CP] Check Pods Manifest.lock";
			outputFileListPaths = (
			);
			outputPaths = (
				"$(DERIVED_FILE_DIR)/Pods-TurnTune-TurnTuneUITests-checkManifestLockResult.txt",
			);
			runOnlyForDeploymentPostprocessing = 0;
			shellPath = /bin/sh;
			shellScript = "diff \"${PODS_PODFILE_DIR_PATH}/Podfile.lock\" \"${PODS_ROOT}/Manifest.lock\" > /dev/null\nif [ $? != 0 ] ; then\n    # print error to STDERR\n    echo \"error: The sandbox is not in sync with the Podfile.lock. Run 'pod install' or update your CocoaPods installation.\" >&2\n    exit 1\nfi\n# This output is used by Xcode 'outputs' to avoid re-running this script phase.\necho \"SUCCESS\" > \"${SCRIPT_OUTPUT_FILE_0}\"\n";
			showEnvVarsInLog = 0;
		};
		D950753A9BFEF9646C6DB671 /* [CP] Check Pods Manifest.lock */ = {
			isa = PBXShellScriptBuildPhase;
			buildActionMask = 2147483647;
			files = (
			);
			inputFileListPaths = (
			);
			inputPaths = (
				"${PODS_PODFILE_DIR_PATH}/Podfile.lock",
				"${PODS_ROOT}/Manifest.lock",
			);
			name = "[CP] Check Pods Manifest.lock";
			outputFileListPaths = (
			);
			outputPaths = (
				"$(DERIVED_FILE_DIR)/Pods-TurnTune-checkManifestLockResult.txt",
			);
			runOnlyForDeploymentPostprocessing = 0;
			shellPath = /bin/sh;
			shellScript = "diff \"${PODS_PODFILE_DIR_PATH}/Podfile.lock\" \"${PODS_ROOT}/Manifest.lock\" > /dev/null\nif [ $? != 0 ] ; then\n    # print error to STDERR\n    echo \"error: The sandbox is not in sync with the Podfile.lock. Run 'pod install' or update your CocoaPods installation.\" >&2\n    exit 1\nfi\n# This output is used by Xcode 'outputs' to avoid re-running this script phase.\necho \"SUCCESS\" > \"${SCRIPT_OUTPUT_FILE_0}\"\n";
			showEnvVarsInLog = 0;
		};
		DE7C26A93DF991E427F00B4A /* [CP] Check Pods Manifest.lock */ = {
			isa = PBXShellScriptBuildPhase;
			buildActionMask = 2147483647;
			files = (
			);
			inputFileListPaths = (
			);
			inputPaths = (
				"${PODS_PODFILE_DIR_PATH}/Podfile.lock",
				"${PODS_ROOT}/Manifest.lock",
			);
			name = "[CP] Check Pods Manifest.lock";
			outputFileListPaths = (
			);
			outputPaths = (
				"$(DERIVED_FILE_DIR)/Pods-TurnTuneTests-checkManifestLockResult.txt",
			);
			runOnlyForDeploymentPostprocessing = 0;
			shellPath = /bin/sh;
			shellScript = "diff \"${PODS_PODFILE_DIR_PATH}/Podfile.lock\" \"${PODS_ROOT}/Manifest.lock\" > /dev/null\nif [ $? != 0 ] ; then\n    # print error to STDERR\n    echo \"error: The sandbox is not in sync with the Podfile.lock. Run 'pod install' or update your CocoaPods installation.\" >&2\n    exit 1\nfi\n# This output is used by Xcode 'outputs' to avoid re-running this script phase.\necho \"SUCCESS\" > \"${SCRIPT_OUTPUT_FILE_0}\"\n";
			showEnvVarsInLog = 0;
		};
/* End PBXShellScriptBuildPhase section */

/* Begin PBXSourcesBuildPhase section */
		9508C23423EFDF1A0050017F /* Sources */ = {
			isa = PBXSourcesBuildPhase;
			buildActionMask = 2147483647;
			files = (
				95C008722482FDEA00A8626A /* URLParameterEncoder.swift in Sources */,
				9520BD1E2482B9870086DD02 /* HTTPHeaders.swift in Sources */,
				95F529F424838B8B00263F02 /* HTTPRouter.swift in Sources */,
				9506EF6C24834E53009CDE78 /* SpotifyAccountsService.swift in Sources */,
				9566AB71249327C700CF3B3F /* SpotifyWebAPI.swift in Sources */,
				95F529F6248402EE00263F02 /* HTTPError.swift in Sources */,
				95464572249B2430003FCB5F /* HomeViewController.swift in Sources */,
				9508C24023EFDF1B0050017F /* RoomCreatorViewController.swift in Sources */,
				95464574249B2E88003FCB5F /* PlayRoomViewController.swift in Sources */,
				956E6DB8249E43A800664518 /* Token.swift in Sources */,
				95AEC939248C052200105F73 /* HTTPResponse.swift in Sources */,
				956E6DB3249C539800664518 /* PlayRoom.swift in Sources */,
				95C008702482FAC800A8626A /* JSONParameterEncoder.swift in Sources */,
				9570FD6F24930FDA0045FF69 /* SpotifyTokenSwap.swift in Sources */,
				955FC1502498917F00C52854 /* RoomInfo.swift in Sources */,
				951701FD24875ED3002EEE35 /* EncoderError.swift in Sources */,
				955FC15224989C2200C52854 /* RoomCreatorViewModel.swift in Sources */,
				958347B924B438D60066ACD3 /* HomeViewModel.swift in Sources */,
				9508C23C23EFDF1A0050017F /* AppDelegate.swift in Sources */,
				956E6DB5249C651A00664518 /* PlayRoomViewModel.swift in Sources */,
				9520BD1824823E980086DD02 /* HTTPParameters.swift in Sources */,
				958063BD249EC41F00514688 /* Playlist.swift in Sources */,
				958063C5249EC61F00514688 /* Artist.swift in Sources */,
				958063BF249EC4CA00514688 /* Paging.swift in Sources */,
				958063BB249EBD3D00514688 /* UserProfile.swift in Sources */,
				958063C3249EC60F00514688 /* Album.swift in Sources */,
				954E9AC72488BE21000AA66E /* NetworkManager.swift in Sources */,
				9572A18124835F1A009C7EE8 /* HTTPHeaderField.swift in Sources */,
				9520BD1424823DFE0086DD02 /* HTTPMethod.swift in Sources */,
				9572A17F2483594C009C7EE8 /* HTTPHeaderValue.swift in Sources */,
				95C008742483047200A8626A /* QueryParameterEncoder.swift in Sources */,
				958063C1249EC50200514688 /* Track.swift in Sources */,
				9506EF6A2483491D009CDE78 /* APIEndpoint.swift in Sources */,
				9508C23E23EFDF1B0050017F /* SceneDelegate.swift in Sources */,
			);
			runOnlyForDeploymentPostprocessing = 0;
		};
		9508C24A23EFDF200050017F /* Sources */ = {
			isa = PBXSourcesBuildPhase;
			buildActionMask = 2147483647;
			files = (
				9508C25323EFDF200050017F /* TurnTuneTests.swift in Sources */,
			);
			runOnlyForDeploymentPostprocessing = 0;
		};
		9508C25523EFDF200050017F /* Sources */ = {
			isa = PBXSourcesBuildPhase;
			buildActionMask = 2147483647;
			files = (
				9508C25E23EFDF200050017F /* TurnTuneUITests.swift in Sources */,
			);
			runOnlyForDeploymentPostprocessing = 0;
		};
/* End PBXSourcesBuildPhase section */

/* Begin PBXTargetDependency section */
		9508C25023EFDF200050017F /* PBXTargetDependency */ = {
			isa = PBXTargetDependency;
			target = 9508C23723EFDF1A0050017F /* TurnTune */;
			targetProxy = 9508C24F23EFDF200050017F /* PBXContainerItemProxy */;
		};
		9508C25B23EFDF200050017F /* PBXTargetDependency */ = {
			isa = PBXTargetDependency;
			target = 9508C23723EFDF1A0050017F /* TurnTune */;
			targetProxy = 9508C25A23EFDF200050017F /* PBXContainerItemProxy */;
		};
/* End PBXTargetDependency section */

/* Begin PBXVariantGroup section */
		9508C24123EFDF1B0050017F /* Main.storyboard */ = {
			isa = PBXVariantGroup;
			children = (
				9508C24223EFDF1B0050017F /* Base */,
			);
			name = Main.storyboard;
			sourceTree = "<group>";
		};
		9508C24623EFDF1F0050017F /* LaunchScreen.storyboard */ = {
			isa = PBXVariantGroup;
			children = (
				9508C24723EFDF1F0050017F /* Base */,
			);
			name = LaunchScreen.storyboard;
			sourceTree = "<group>";
		};
/* End PBXVariantGroup section */

/* Begin XCBuildConfiguration section */
		9508C26023EFDF200050017F /* Debug */ = {
			isa = XCBuildConfiguration;
			buildSettings = {
				ALWAYS_SEARCH_USER_PATHS = NO;
				CLANG_ANALYZER_NONNULL = YES;
				CLANG_ANALYZER_NUMBER_OBJECT_CONVERSION = YES_AGGRESSIVE;
				CLANG_CXX_LANGUAGE_STANDARD = "gnu++14";
				CLANG_CXX_LIBRARY = "libc++";
				CLANG_ENABLE_MODULES = YES;
				CLANG_ENABLE_OBJC_ARC = YES;
				CLANG_ENABLE_OBJC_WEAK = YES;
				CLANG_WARN_BLOCK_CAPTURE_AUTORELEASING = YES;
				CLANG_WARN_BOOL_CONVERSION = YES;
				CLANG_WARN_COMMA = YES;
				CLANG_WARN_CONSTANT_CONVERSION = YES;
				CLANG_WARN_DEPRECATED_OBJC_IMPLEMENTATIONS = YES;
				CLANG_WARN_DIRECT_OBJC_ISA_USAGE = YES_ERROR;
				CLANG_WARN_DOCUMENTATION_COMMENTS = YES;
				CLANG_WARN_EMPTY_BODY = YES;
				CLANG_WARN_ENUM_CONVERSION = YES;
				CLANG_WARN_INFINITE_RECURSION = YES;
				CLANG_WARN_INT_CONVERSION = YES;
				CLANG_WARN_NON_LITERAL_NULL_CONVERSION = YES;
				CLANG_WARN_OBJC_IMPLICIT_RETAIN_SELF = YES;
				CLANG_WARN_OBJC_LITERAL_CONVERSION = YES;
				CLANG_WARN_OBJC_ROOT_CLASS = YES_ERROR;
				CLANG_WARN_RANGE_LOOP_ANALYSIS = YES;
				CLANG_WARN_STRICT_PROTOTYPES = YES;
				CLANG_WARN_SUSPICIOUS_MOVE = YES;
				CLANG_WARN_UNGUARDED_AVAILABILITY = YES_AGGRESSIVE;
				CLANG_WARN_UNREACHABLE_CODE = YES;
				CLANG_WARN__DUPLICATE_METHOD_MATCH = YES;
				COPY_PHASE_STRIP = NO;
				DEBUG_INFORMATION_FORMAT = dwarf;
				ENABLE_STRICT_OBJC_MSGSEND = YES;
				ENABLE_TESTABILITY = YES;
				GCC_C_LANGUAGE_STANDARD = gnu11;
				GCC_DYNAMIC_NO_PIC = NO;
				GCC_NO_COMMON_BLOCKS = YES;
				GCC_OPTIMIZATION_LEVEL = 0;
				GCC_PREPROCESSOR_DEFINITIONS = (
					"DEBUG=1",
					"$(inherited)",
				);
				GCC_WARN_64_TO_32_BIT_CONVERSION = YES;
				GCC_WARN_ABOUT_RETURN_TYPE = YES_ERROR;
				GCC_WARN_UNDECLARED_SELECTOR = YES;
				GCC_WARN_UNINITIALIZED_AUTOS = YES_AGGRESSIVE;
				GCC_WARN_UNUSED_FUNCTION = YES;
				GCC_WARN_UNUSED_VARIABLE = YES;
				IPHONEOS_DEPLOYMENT_TARGET = 13.2;
				MTL_ENABLE_DEBUG_INFO = INCLUDE_SOURCE;
				MTL_FAST_MATH = YES;
				ONLY_ACTIVE_ARCH = YES;
				SDKROOT = iphoneos;
				SWIFT_ACTIVE_COMPILATION_CONDITIONS = DEBUG;
				SWIFT_OPTIMIZATION_LEVEL = "-Onone";
			};
			name = Debug;
		};
		9508C26123EFDF200050017F /* Release */ = {
			isa = XCBuildConfiguration;
			buildSettings = {
				ALWAYS_SEARCH_USER_PATHS = NO;
				CLANG_ANALYZER_NONNULL = YES;
				CLANG_ANALYZER_NUMBER_OBJECT_CONVERSION = YES_AGGRESSIVE;
				CLANG_CXX_LANGUAGE_STANDARD = "gnu++14";
				CLANG_CXX_LIBRARY = "libc++";
				CLANG_ENABLE_MODULES = YES;
				CLANG_ENABLE_OBJC_ARC = YES;
				CLANG_ENABLE_OBJC_WEAK = YES;
				CLANG_WARN_BLOCK_CAPTURE_AUTORELEASING = YES;
				CLANG_WARN_BOOL_CONVERSION = YES;
				CLANG_WARN_COMMA = YES;
				CLANG_WARN_CONSTANT_CONVERSION = YES;
				CLANG_WARN_DEPRECATED_OBJC_IMPLEMENTATIONS = YES;
				CLANG_WARN_DIRECT_OBJC_ISA_USAGE = YES_ERROR;
				CLANG_WARN_DOCUMENTATION_COMMENTS = YES;
				CLANG_WARN_EMPTY_BODY = YES;
				CLANG_WARN_ENUM_CONVERSION = YES;
				CLANG_WARN_INFINITE_RECURSION = YES;
				CLANG_WARN_INT_CONVERSION = YES;
				CLANG_WARN_NON_LITERAL_NULL_CONVERSION = YES;
				CLANG_WARN_OBJC_IMPLICIT_RETAIN_SELF = YES;
				CLANG_WARN_OBJC_LITERAL_CONVERSION = YES;
				CLANG_WARN_OBJC_ROOT_CLASS = YES_ERROR;
				CLANG_WARN_RANGE_LOOP_ANALYSIS = YES;
				CLANG_WARN_STRICT_PROTOTYPES = YES;
				CLANG_WARN_SUSPICIOUS_MOVE = YES;
				CLANG_WARN_UNGUARDED_AVAILABILITY = YES_AGGRESSIVE;
				CLANG_WARN_UNREACHABLE_CODE = YES;
				CLANG_WARN__DUPLICATE_METHOD_MATCH = YES;
				COPY_PHASE_STRIP = NO;
				DEBUG_INFORMATION_FORMAT = "dwarf-with-dsym";
				ENABLE_NS_ASSERTIONS = NO;
				ENABLE_STRICT_OBJC_MSGSEND = YES;
				GCC_C_LANGUAGE_STANDARD = gnu11;
				GCC_NO_COMMON_BLOCKS = YES;
				GCC_WARN_64_TO_32_BIT_CONVERSION = YES;
				GCC_WARN_ABOUT_RETURN_TYPE = YES_ERROR;
				GCC_WARN_UNDECLARED_SELECTOR = YES;
				GCC_WARN_UNINITIALIZED_AUTOS = YES_AGGRESSIVE;
				GCC_WARN_UNUSED_FUNCTION = YES;
				GCC_WARN_UNUSED_VARIABLE = YES;
				IPHONEOS_DEPLOYMENT_TARGET = 13.2;
				MTL_ENABLE_DEBUG_INFO = NO;
				MTL_FAST_MATH = YES;
				SDKROOT = iphoneos;
				SWIFT_COMPILATION_MODE = wholemodule;
				SWIFT_OPTIMIZATION_LEVEL = "-O";
				VALIDATE_PRODUCT = YES;
			};
			name = Release;
		};
		9508C26323EFDF200050017F /* Debug */ = {
			isa = XCBuildConfiguration;
			baseConfigurationReference = 8767E52A80D9A1801F79AE11 /* Pods-TurnTune.debug.xcconfig */;
			buildSettings = {
				ASSETCATALOG_COMPILER_APPICON_NAME = AppIcon;
				CODE_SIGN_STYLE = Automatic;
				DEVELOPMENT_TEAM = RUKEA88AF2;
				INFOPLIST_FILE = TurnTune/Info.plist;
				LD_RUNPATH_SEARCH_PATHS = (
					"$(inherited)",
					"@executable_path/Frameworks",
				);
				PRODUCT_BUNDLE_IDENTIFIER = com.louismenacho.TurnTune;
				PRODUCT_NAME = "$(TARGET_NAME)";
				SWIFT_VERSION = 5.0;
				TARGETED_DEVICE_FAMILY = "1,2";
			};
			name = Debug;
		};
		9508C26423EFDF200050017F /* Release */ = {
			isa = XCBuildConfiguration;
			baseConfigurationReference = 6B8C60E5661CB1604CBA7C91 /* Pods-TurnTune.release.xcconfig */;
			buildSettings = {
				ASSETCATALOG_COMPILER_APPICON_NAME = AppIcon;
				CODE_SIGN_STYLE = Automatic;
				DEVELOPMENT_TEAM = RUKEA88AF2;
				INFOPLIST_FILE = TurnTune/Info.plist;
				LD_RUNPATH_SEARCH_PATHS = (
					"$(inherited)",
					"@executable_path/Frameworks",
				);
				PRODUCT_BUNDLE_IDENTIFIER = com.louismenacho.TurnTune;
				PRODUCT_NAME = "$(TARGET_NAME)";
				SWIFT_VERSION = 5.0;
				TARGETED_DEVICE_FAMILY = "1,2";
			};
			name = Release;
		};
		9508C26623EFDF200050017F /* Debug */ = {
			isa = XCBuildConfiguration;
			baseConfigurationReference = 9639C82515C53654C3C66D2B /* Pods-TurnTuneTests.debug.xcconfig */;
			buildSettings = {
				ALWAYS_EMBED_SWIFT_STANDARD_LIBRARIES = YES;
				BUNDLE_LOADER = "$(TEST_HOST)";
				CODE_SIGN_STYLE = Automatic;
				DEVELOPMENT_TEAM = RUKEA88AF2;
				INFOPLIST_FILE = TurnTuneTests/Info.plist;
				IPHONEOS_DEPLOYMENT_TARGET = 13.2;
				LD_RUNPATH_SEARCH_PATHS = (
					"$(inherited)",
					"@executable_path/Frameworks",
					"@loader_path/Frameworks",
				);
				PRODUCT_BUNDLE_IDENTIFIER = com.louismenacho.TurnTuneTests;
				PRODUCT_NAME = "$(TARGET_NAME)";
				SWIFT_VERSION = 5.0;
				TARGETED_DEVICE_FAMILY = "1,2";
				TEST_HOST = "$(BUILT_PRODUCTS_DIR)/TurnTune.app/TurnTune";
			};
			name = Debug;
		};
		9508C26723EFDF200050017F /* Release */ = {
			isa = XCBuildConfiguration;
			baseConfigurationReference = 4266E3537D27DE2155028C76 /* Pods-TurnTuneTests.release.xcconfig */;
			buildSettings = {
				ALWAYS_EMBED_SWIFT_STANDARD_LIBRARIES = YES;
				BUNDLE_LOADER = "$(TEST_HOST)";
				CODE_SIGN_STYLE = Automatic;
				DEVELOPMENT_TEAM = RUKEA88AF2;
				INFOPLIST_FILE = TurnTuneTests/Info.plist;
				IPHONEOS_DEPLOYMENT_TARGET = 13.2;
				LD_RUNPATH_SEARCH_PATHS = (
					"$(inherited)",
					"@executable_path/Frameworks",
					"@loader_path/Frameworks",
				);
				PRODUCT_BUNDLE_IDENTIFIER = com.louismenacho.TurnTuneTests;
				PRODUCT_NAME = "$(TARGET_NAME)";
				SWIFT_VERSION = 5.0;
				TARGETED_DEVICE_FAMILY = "1,2";
				TEST_HOST = "$(BUILT_PRODUCTS_DIR)/TurnTune.app/TurnTune";
			};
			name = Release;
		};
		9508C26923EFDF200050017F /* Debug */ = {
			isa = XCBuildConfiguration;
			baseConfigurationReference = 37691A7B5FE2A72814F3A2CF /* Pods-TurnTune-TurnTuneUITests.debug.xcconfig */;
			buildSettings = {
				ALWAYS_EMBED_SWIFT_STANDARD_LIBRARIES = YES;
				CODE_SIGN_STYLE = Automatic;
				DEVELOPMENT_TEAM = RUKEA88AF2;
				INFOPLIST_FILE = TurnTuneUITests/Info.plist;
				LD_RUNPATH_SEARCH_PATHS = (
					"$(inherited)",
					"@executable_path/Frameworks",
					"@loader_path/Frameworks",
				);
				PRODUCT_BUNDLE_IDENTIFIER = com.louismenacho.TurnTuneUITests;
				PRODUCT_NAME = "$(TARGET_NAME)";
				SWIFT_VERSION = 5.0;
				TARGETED_DEVICE_FAMILY = "1,2";
				TEST_TARGET_NAME = TurnTune;
			};
			name = Debug;
		};
		9508C26A23EFDF200050017F /* Release */ = {
			isa = XCBuildConfiguration;
			baseConfigurationReference = F3791D433FD7C4E131099AEC /* Pods-TurnTune-TurnTuneUITests.release.xcconfig */;
			buildSettings = {
				ALWAYS_EMBED_SWIFT_STANDARD_LIBRARIES = YES;
				CODE_SIGN_STYLE = Automatic;
				DEVELOPMENT_TEAM = RUKEA88AF2;
				INFOPLIST_FILE = TurnTuneUITests/Info.plist;
				LD_RUNPATH_SEARCH_PATHS = (
					"$(inherited)",
					"@executable_path/Frameworks",
					"@loader_path/Frameworks",
				);
				PRODUCT_BUNDLE_IDENTIFIER = com.louismenacho.TurnTuneUITests;
				PRODUCT_NAME = "$(TARGET_NAME)";
				SWIFT_VERSION = 5.0;
				TARGETED_DEVICE_FAMILY = "1,2";
				TEST_TARGET_NAME = TurnTune;
			};
			name = Release;
		};
/* End XCBuildConfiguration section */

/* Begin XCConfigurationList section */
		9508C23323EFDF1A0050017F /* Build configuration list for PBXProject "TurnTune" */ = {
			isa = XCConfigurationList;
			buildConfigurations = (
				9508C26023EFDF200050017F /* Debug */,
				9508C26123EFDF200050017F /* Release */,
			);
			defaultConfigurationIsVisible = 0;
			defaultConfigurationName = Release;
		};
		9508C26223EFDF200050017F /* Build configuration list for PBXNativeTarget "TurnTune" */ = {
			isa = XCConfigurationList;
			buildConfigurations = (
				9508C26323EFDF200050017F /* Debug */,
				9508C26423EFDF200050017F /* Release */,
			);
			defaultConfigurationIsVisible = 0;
			defaultConfigurationName = Release;
		};
		9508C26523EFDF200050017F /* Build configuration list for PBXNativeTarget "TurnTuneTests" */ = {
			isa = XCConfigurationList;
			buildConfigurations = (
				9508C26623EFDF200050017F /* Debug */,
				9508C26723EFDF200050017F /* Release */,
			);
			defaultConfigurationIsVisible = 0;
			defaultConfigurationName = Release;
		};
		9508C26823EFDF200050017F /* Build configuration list for PBXNativeTarget "TurnTuneUITests" */ = {
			isa = XCConfigurationList;
			buildConfigurations = (
				9508C26923EFDF200050017F /* Debug */,
				9508C26A23EFDF200050017F /* Release */,
			);
			defaultConfigurationIsVisible = 0;
			defaultConfigurationName = Release;
		};
/* End XCConfigurationList section */
	};
	rootObject = 9508C23023EFDF1A0050017F /* Project object */;
}
